version: 6
environments:
  automake_1.14:
    channels:
    - url: https://conda.anaconda.org/conda-forge
    packages:
      linux-64:
      - conda: https://conda.anaconda.org/conda-forge/linux-64/_libgcc_mutex-0.1-conda_forge.tar.bz2
      - conda: https://conda.anaconda.org/conda-forge/linux-64/_openmp_mutex-4.5-2_gnu.tar.bz2
      - conda: https://conda.anaconda.org/conda-forge/linux-64/autoconf-2.72-pl5321hbb4ee43_1.conda
      - conda: https://conda.anaconda.org/conda-forge/linux-64/automake-1.14-pl5.20.3.1_2.tar.bz2
      - conda: https://conda.anaconda.org/conda-forge/linux-64/libgcc-15.2.0-he0feb66_15.conda
      - conda: https://conda.anaconda.org/conda-forge/linux-64/libgomp-15.2.0-he0feb66_15.conda
      - conda: https://conda.anaconda.org/conda-forge/linux-64/m4-1.4.20-hb9d3cd8_0.conda
      - conda: https://conda.anaconda.org/conda-forge/linux-64/perl-5.20.3.1-2.tar.bz2
      osx-64:
      - conda: https://conda.anaconda.org/conda-forge/osx-64/autoconf-2.72-pl5321had7229c_1.conda
      - conda: https://conda.anaconda.org/conda-forge/osx-64/automake-1.14-pl5.20.3.1_2.tar.bz2
      - conda: https://conda.anaconda.org/conda-forge/osx-64/m4-1.4.20-h6e16a3a_0.conda
      - conda: https://conda.anaconda.org/conda-forge/osx-64/perl-5.20.3.1-2.tar.bz2
  automake_1.15:
    channels:
    - url: https://conda.anaconda.org/conda-forge
    packages:
      linux-64:
      - conda: https://conda.anaconda.org/conda-forge/linux-64/_libgcc_mutex-0.1-conda_forge.tar.bz2
      - conda: https://conda.anaconda.org/conda-forge/linux-64/_openmp_mutex-4.5-2_gnu.tar.bz2
      - conda: https://conda.anaconda.org/conda-forge/linux-64/autoconf-2.72-pl5321hbb4ee43_1.conda
      - conda: https://conda.anaconda.org/conda-forge/linux-64/automake-1.15.1-pl526_1001.tar.bz2
      - conda: https://conda.anaconda.org/conda-forge/linux-64/libgcc-15.2.0-he0feb66_15.conda
      - conda: https://conda.anaconda.org/conda-forge/linux-64/libgcc-ng-15.2.0-h69a702a_15.conda
      - conda: https://conda.anaconda.org/conda-forge/linux-64/libgomp-15.2.0-he0feb66_15.conda
      - conda: https://conda.anaconda.org/conda-forge/linux-64/m4-1.4.20-hb9d3cd8_0.conda
      - conda: https://conda.anaconda.org/conda-forge/linux-64/perl-5.26.2-h36c2ea0_1008.tar.bz2
      osx-64:
      - conda: https://conda.anaconda.org/conda-forge/osx-64/autoconf-2.72-pl5321had7229c_1.conda
      - conda: https://conda.anaconda.org/conda-forge/osx-64/automake-1.15.1-pl526_1001.tar.bz2
      - conda: https://conda.anaconda.org/conda-forge/osx-64/m4-1.4.20-h6e16a3a_0.conda
      - conda: https://conda.anaconda.org/conda-forge/osx-64/perl-5.26.2-hbcb3906_1008.tar.bz2
  automake_1.16:
    channels:
    - url: https://conda.anaconda.org/conda-forge
    packages:
      linux-64:
      - conda: https://conda.anaconda.org/conda-forge/linux-64/_libgcc_mutex-0.1-conda_forge.tar.bz2
      - conda: https://conda.anaconda.org/conda-forge/linux-64/_openmp_mutex-4.5-2_gnu.tar.bz2
      - conda: https://conda.anaconda.org/conda-forge/linux-64/autoconf-2.72-pl5321hbb4ee43_1.conda
      - conda: https://conda.anaconda.org/conda-forge/linux-64/automake-1.16.5-pl5321ha770c72_0.tar.bz2
      - conda: https://conda.anaconda.org/conda-forge/linux-64/libgcc-15.2.0-he0feb66_15.conda
      - conda: https://conda.anaconda.org/conda-forge/linux-64/libgcc-ng-15.2.0-h69a702a_15.conda
      - conda: https://conda.anaconda.org/conda-forge/linux-64/libgomp-15.2.0-he0feb66_15.conda
      - conda: https://conda.anaconda.org/conda-forge/linux-64/libxcrypt-4.4.36-hd590300_1.conda
      - conda: https://conda.anaconda.org/conda-forge/linux-64/m4-1.4.20-hb9d3cd8_0.conda
      - conda: https://conda.anaconda.org/conda-forge/linux-64/perl-5.32.1-7_hd590300_perl5.conda
      linux-aarch64:
      - conda: https://conda.anaconda.org/conda-forge/linux-aarch64/_openmp_mutex-4.5-2_gnu.tar.bz2
      - conda: https://conda.anaconda.org/conda-forge/linux-aarch64/autoconf-2.72-pl5321hbecfd40_1.conda
      - conda: https://conda.anaconda.org/conda-forge/linux-aarch64/automake-1.16.5-pl5321h8af1aa0_0.tar.bz2
      - conda: https://conda.anaconda.org/conda-forge/linux-aarch64/libgcc-15.2.0-h8acb6b2_15.conda
      - conda: https://conda.anaconda.org/conda-forge/linux-aarch64/libgcc-ng-15.2.0-he9431aa_15.conda
      - conda: https://conda.anaconda.org/conda-forge/linux-aarch64/libgomp-15.2.0-h8acb6b2_15.conda
      - conda: https://conda.anaconda.org/conda-forge/linux-aarch64/libxcrypt-4.4.36-h31becfc_1.conda
      - conda: https://conda.anaconda.org/conda-forge/linux-aarch64/m4-1.4.20-h86ecc28_0.conda
      - conda: https://conda.anaconda.org/conda-forge/linux-aarch64/perl-5.32.1-7_h31becfc_perl5.conda
      linux-ppc64le:
      - conda: https://conda.anaconda.org/conda-forge/linux-ppc64le/_libgcc_mutex-0.1-conda_forge.tar.bz2
      - conda: https://conda.anaconda.org/conda-forge/linux-ppc64le/_openmp_mutex-4.5-2_gnu.tar.bz2
      - conda: https://conda.anaconda.org/conda-forge/linux-ppc64le/autoconf-2.72-pl5321h907a9b5_1.conda
      - conda: https://conda.anaconda.org/conda-forge/linux-ppc64le/automake-1.16.5-pl5321ha3edaa6_0.tar.bz2
      - conda: https://conda.anaconda.org/conda-forge/linux-ppc64le/libgcc-15.2.0-h80f490b_15.conda
      - conda: https://conda.anaconda.org/conda-forge/linux-ppc64le/libgcc-ng-15.2.0-hfdc3801_15.conda
      - conda: https://conda.anaconda.org/conda-forge/linux-ppc64le/libgomp-15.2.0-h80f490b_15.conda
      - conda: https://conda.anaconda.org/conda-forge/linux-ppc64le/libxcrypt-4.4.36-ha17a0cc_1.conda
      - conda: https://conda.anaconda.org/conda-forge/linux-ppc64le/m4-1.4.20-h190368a_0.conda
      - conda: https://conda.anaconda.org/conda-forge/linux-ppc64le/perl-5.32.1-7_ha17a0cc_perl5.conda
      osx-64:
      - conda: https://conda.anaconda.org/conda-forge/osx-64/autoconf-2.72-pl5321had7229c_1.conda
      - conda: https://conda.anaconda.org/conda-forge/osx-64/automake-1.16.5-pl5321h694c41f_0.tar.bz2
      - conda: https://conda.anaconda.org/conda-forge/osx-64/m4-1.4.20-h6e16a3a_0.conda
      - conda: https://conda.anaconda.org/conda-forge/osx-64/perl-5.32.1-7_h10d778d_perl5.conda
      osx-arm64:
      - conda: https://conda.anaconda.org/conda-forge/osx-arm64/autoconf-2.72-pl5321hd3c70e0_1.conda
      - conda: https://conda.anaconda.org/conda-forge/osx-arm64/automake-1.16.5-pl5321hce30654_0.tar.bz2
      - conda: https://conda.anaconda.org/conda-forge/osx-arm64/m4-1.4.20-h5505292_0.conda
      - conda: https://conda.anaconda.org/conda-forge/osx-arm64/perl-5.32.1-7_h4614cfb_perl5.conda
  automake_1.17:
    channels:
    - url: https://conda.anaconda.org/conda-forge
    packages:
      linux-64:
      - conda: https://conda.anaconda.org/conda-forge/linux-64/_libgcc_mutex-0.1-conda_forge.tar.bz2
      - conda: https://conda.anaconda.org/conda-forge/linux-64/_openmp_mutex-4.5-2_gnu.tar.bz2
      - conda: https://conda.anaconda.org/conda-forge/linux-64/autoconf-2.72-pl5321hbb4ee43_1.conda
      - conda: https://conda.anaconda.org/conda-forge/linux-64/automake-1.17-pl5321ha770c72_0.conda
      - conda: https://conda.anaconda.org/conda-forge/linux-64/libgcc-15.2.0-he0feb66_15.conda
      - conda: https://conda.anaconda.org/conda-forge/linux-64/libgcc-ng-15.2.0-h69a702a_15.conda
      - conda: https://conda.anaconda.org/conda-forge/linux-64/libgomp-15.2.0-he0feb66_15.conda
      - conda: https://conda.anaconda.org/conda-forge/linux-64/libxcrypt-4.4.36-hd590300_1.conda
      - conda: https://conda.anaconda.org/conda-forge/linux-64/m4-1.4.20-hb9d3cd8_0.conda
      - conda: https://conda.anaconda.org/conda-forge/linux-64/perl-5.32.1-7_hd590300_perl5.conda
      linux-aarch64:
      - conda: https://conda.anaconda.org/conda-forge/linux-aarch64/_openmp_mutex-4.5-2_gnu.tar.bz2
      - conda: https://conda.anaconda.org/conda-forge/linux-aarch64/autoconf-2.72-pl5321hbecfd40_1.conda
      - conda: https://conda.anaconda.org/conda-forge/linux-aarch64/automake-1.17-pl5321h8af1aa0_0.conda
      - conda: https://conda.anaconda.org/conda-forge/linux-aarch64/libgcc-15.2.0-h8acb6b2_15.conda
      - conda: https://conda.anaconda.org/conda-forge/linux-aarch64/libgcc-ng-15.2.0-he9431aa_15.conda
      - conda: https://conda.anaconda.org/conda-forge/linux-aarch64/libgomp-15.2.0-h8acb6b2_15.conda
      - conda: https://conda.anaconda.org/conda-forge/linux-aarch64/libxcrypt-4.4.36-h31becfc_1.conda
      - conda: https://conda.anaconda.org/conda-forge/linux-aarch64/m4-1.4.20-h86ecc28_0.conda
      - conda: https://conda.anaconda.org/conda-forge/linux-aarch64/perl-5.32.1-7_h31becfc_perl5.conda
      linux-ppc64le:
      - conda: https://conda.anaconda.org/conda-forge/linux-ppc64le/_libgcc_mutex-0.1-conda_forge.tar.bz2
      - conda: https://conda.anaconda.org/conda-forge/linux-ppc64le/_openmp_mutex-4.5-2_gnu.tar.bz2
      - conda: https://conda.anaconda.org/conda-forge/linux-ppc64le/autoconf-2.72-pl5321h907a9b5_1.conda
      - conda: https://conda.anaconda.org/conda-forge/linux-ppc64le/automake-1.17-pl5321ha3edaa6_0.conda
      - conda: https://conda.anaconda.org/conda-forge/linux-ppc64le/libgcc-15.2.0-h80f490b_15.conda
      - conda: https://conda.anaconda.org/conda-forge/linux-ppc64le/libgcc-ng-15.2.0-hfdc3801_15.conda
      - conda: https://conda.anaconda.org/conda-forge/linux-ppc64le/libgomp-15.2.0-h80f490b_15.conda
      - conda: https://conda.anaconda.org/conda-forge/linux-ppc64le/libxcrypt-4.4.36-ha17a0cc_1.conda
      - conda: https://conda.anaconda.org/conda-forge/linux-ppc64le/m4-1.4.20-h190368a_0.conda
      - conda: https://conda.anaconda.org/conda-forge/linux-ppc64le/perl-5.32.1-7_ha17a0cc_perl5.conda
      osx-64:
      - conda: https://conda.anaconda.org/conda-forge/osx-64/autoconf-2.72-pl5321had7229c_1.conda
      - conda: https://conda.anaconda.org/conda-forge/osx-64/automake-1.17-pl5321h694c41f_0.conda
      - conda: https://conda.anaconda.org/conda-forge/osx-64/m4-1.4.20-h6e16a3a_0.conda
      - conda: https://conda.anaconda.org/conda-forge/osx-64/perl-5.32.1-7_h10d778d_perl5.conda
      osx-arm64:
      - conda: https://conda.anaconda.org/conda-forge/osx-arm64/autoconf-2.72-pl5321hd3c70e0_1.conda
      - conda: https://conda.anaconda.org/conda-forge/osx-arm64/automake-1.17-pl5321hce30654_0.conda
      - conda: https://conda.anaconda.org/conda-forge/osx-arm64/m4-1.4.20-h5505292_0.conda
      - conda: https://conda.anaconda.org/conda-forge/osx-arm64/perl-5.32.1-7_h4614cfb_perl5.conda
packages:
- conda: https://conda.anaconda.org/conda-forge/linux-64/_libgcc_mutex-0.1-conda_forge.tar.bz2
  sha256: fe51de6107f9edc7aa4f786a70f4a883943bc9d39b3bb7307c04c41410990726
  md5: d7c89558ba9fa0495403155b64376d81
  license: None
  size: 2562
  timestamp: 1578324546067
- conda: https://conda.anaconda.org/conda-forge/linux-ppc64le/_libgcc_mutex-0.1-conda_forge.tar.bz2
  sha256: 5dd34b412e6274c0614d01a2f616844376ae873dfb8782c2c67d055779de6df6
  md5: e96f48755dc7c9f86c4aecf4cac40477
  license: None
  size: 2550
  timestamp: 1578324511581
- conda: https://conda.anaconda.org/conda-forge/linux-64/_openmp_mutex-4.5-2_gnu.tar.bz2
  build_number: 16
  sha256: fbe2c5e56a653bebb982eda4876a9178aedfc2b545f25d0ce9c4c0b508253d22
  md5: 73aaf86a425cc6e73fcf236a5a46396d
  depends:
  - _libgcc_mutex 0.1 conda_forge
  - libgomp >=7.5.0
  constrains:
  - openmp_impl 9999
  license: BSD-3-Clause
  license_family: BSD
  size: 23621
  timestamp: 1650670423406
- conda: https://conda.anaconda.org/conda-forge/linux-aarch64/_openmp_mutex-4.5-2_gnu.tar.bz2
  build_number: 16
  sha256: 3702bef2f0a4d38bd8288bbe54aace623602a1343c2cfbefd3fa188e015bebf0
  md5: 6168d71addc746e8f2b8d57dfd2edcea
  depends:
  - libgomp >=7.5.0
  constrains:
  - openmp_impl 9999
  license: BSD-3-Clause
  license_family: BSD
  size: 23712
  timestamp: 1650670790230
- conda: https://conda.anaconda.org/conda-forge/linux-ppc64le/_openmp_mutex-4.5-2_gnu.tar.bz2
  build_number: 16
  sha256: 4c89c2067cf5e7b0fbbdc3200c3f7affa5896e14812acf10f51575be87ae0c05
  md5: 3e41cbaba7e4988d15a24c4e85e6171b
  depends:
  - _libgcc_mutex 0.1 conda_forge
  - libgomp >=7.5.0
  constrains:
  - openmp_impl 9999
  license: BSD-3-Clause
  license_family: BSD
  size: 23710
  timestamp: 1650671119831
- conda: https://conda.anaconda.org/conda-forge/linux-64/autoconf-2.72-pl5321hbb4ee43_1.conda
  sha256: 8297a545b15576a899ffc0293a9b25c7d9895e155c61d96f266d38c3c46640cb
  md5: 61a406051317df9dd63157c4c53899e6
  depends:
  - __glibc >=2.17,<3.0.a0
  - m4
  - perl 5.*
  license: GPL-3.0-or-later
  license_family: GPL
  size: 648370
  timestamp: 1747238591729
- conda: https://conda.anaconda.org/conda-forge/linux-aarch64/autoconf-2.72-pl5321hbecfd40_1.conda
  sha256: 95597fc81d411a526f763344eff39e184dee8c12829a5ee3f2883ec6ffa3a621
  md5: d85e1de6cee54ac97273f2e5f2ca031c
  depends:
  - m4
  - perl 5.*
  license: GPL-3.0-or-later
  license_family: GPL
  size: 651844
  timestamp: 1747237171245
- conda: https://conda.anaconda.org/conda-forge/linux-ppc64le/autoconf-2.72-pl5321h907a9b5_1.conda
  sha256: b00491a16252c57372caaf73545fbcfc7d75d2e499b70ee3d65a8a2c7b246753
  md5: 93079cd319218a750fe4f9b6c7aca341
  depends:
  - m4
  - perl 5.*
  license: GPL-3.0-or-later
  license_family: GPL
  size: 647827
  timestamp: 1747237164040
- conda: https://conda.anaconda.org/conda-forge/osx-64/autoconf-2.72-pl5321had7229c_1.conda
  sha256: 598cfa7e34cb55848ea2b0557278fb36c60053ce05fa5aba244a6179199db514
  md5: 5544811b747d3225ffa21fc4f2483a17
  depends:
  - __osx >=10.13
  - m4
  - perl 5.*
  license: GPL-3.0-or-later
  license_family: GPL
  size: 652642
  timestamp: 1747242219180
- conda: https://conda.anaconda.org/conda-forge/osx-arm64/autoconf-2.72-pl5321hd3c70e0_1.conda
  sha256: 02d2581b44b289ace2c5408a831a9486e512f24eb9e8e1c38f5a4054f3d95920
  md5: 541363825691b203463e1d4feed4de1b
  depends:
  - __osx >=11.0
  - m4
  - perl 5.*
  license: GPL-3.0-or-later
  license_family: GPL
  size: 651441
  timestamp: 1747237289167
- conda: https://conda.anaconda.org/conda-forge/linux-64/automake-1.14-pl5.20.3.1_2.tar.bz2
  sha256: 795da73c6e94166779acb6f1c178112831dc49d70c6767e6ca266e358c0995f6
  md5: 55267aeb8116c4d288df39c4b52e1003
  depends:
  - autoconf
  - m4
  - perl 5.20.3.1*
  license: GPL 3
  size: 560946
- conda: https://conda.anaconda.org/conda-forge/linux-64/automake-1.15.1-pl526_1001.tar.bz2
  sha256: 92bee8b0a83ae3a0e6ea0c953cf0c9ab80f0dac10b5e20205027bdd084a1f01f
  md5: a5d8e812ef32d2f4a4f15679a270df29
  depends:
  - autoconf
  - m4
  - perl >=5.26.2,<5.26.3.0a0
  license: GPL-2.0
  license_family: GPL
  size: 602001
  timestamp: 1538087122035
- conda: https://conda.anaconda.org/conda-forge/linux-64/automake-1.16.5-pl5321ha770c72_0.tar.bz2
  sha256: 531d701fb733f74f059fb1ddd83d34336a668129c0ec0e9e5e365e89b11604e3
  md5: a080bab94ace15a29b24b0e85ce58ba0
  depends:
  - autoconf
  - m4
  - perl 5.*
  license: GPL-3.0-or-later
  license_family: GPL
  size: 655984
  timestamp: 1634805925378
- conda: https://conda.anaconda.org/conda-forge/linux-64/automake-1.17-pl5321ha770c72_0.conda
  sha256: b5c383c4b95c405796c309d9149ae4dd314eab1e8cb0ba1925f0c8f7c304dd26
  md5: 31215fb10dea74a08fca01d36b793492
  depends:
  - autoconf
  - m4
  - perl 5.*
  license: GPL-3.0-or-later
  license_family: GPL
  size: 595151
  timestamp: 1724062205361
- conda: https://conda.anaconda.org/conda-forge/linux-aarch64/automake-1.16.5-pl5321h8af1aa0_0.tar.bz2
  sha256: db3bb155d0d247e15fdf13c4039d3cfa9e3657c3be56624e37507bd41b16440f
  md5: 1ec5a4f69292d2dd31692b6f4305c867
  depends:
  - autoconf
  - m4
  - perl 5.*
  license: GPL-3.0-or-later
  license_family: GPL
  size: 664737
  timestamp: 1634810309352
- conda: https://conda.anaconda.org/conda-forge/linux-aarch64/automake-1.17-pl5321h8af1aa0_0.conda
  sha256: 1542f396ca5a4d321cee5176eeaa43dd227ec9bbfb7e8c7afa0bb2543839f2e9
  md5: e18e8aaa0d5bd124d00e279d0c76d68b
  depends:
  - autoconf
  - m4
  - perl 5.*
  license: GPL-3.0-or-later
  license_family: GPL
  size: 595015
  timestamp: 1724062275841
- conda: https://conda.anaconda.org/conda-forge/linux-ppc64le/automake-1.16.5-pl5321ha3edaa6_0.tar.bz2
  sha256: f753939cbcb9a0e6151bcbc83e53e6863a8e3ab90fa5b90429194072f051542b
  md5: 91ed542a80be9e07f523b873261b646e
  depends:
  - autoconf
  - m4
  - perl 5.*
  license: GPL-3.0-or-later
  license_family: GPL
  size: 667558
  timestamp: 1634805972705
- conda: https://conda.anaconda.org/conda-forge/linux-ppc64le/automake-1.17-pl5321ha3edaa6_0.conda
  sha256: 0662092af28cc4e950b1a434329dfbf0dfe3e717604d6b57bb13e891d2d4ba37
  md5: 50ccb45e194da70357b7d97a6e0f0444
  depends:
  - autoconf
  - m4
  - perl 5.*
  license: GPL-3.0-or-later
  license_family: GPL
  size: 595691
  timestamp: 1724062186264
- conda: https://conda.anaconda.org/conda-forge/osx-64/automake-1.14-pl5.20.3.1_2.tar.bz2
  sha256: 90ebf020b538be15512a4b5ce809d03bb184c6f678890591ee19b508978f7b80
  md5: d4cdc26408a58b1b4063eeac4fe0d61e
  depends:
  - autoconf
  - m4
  - perl 5.20.3.1*
  license: GPL 3
  size: 557024
- conda: https://conda.anaconda.org/conda-forge/osx-64/automake-1.15.1-pl526_1001.tar.bz2
  sha256: a2b18eb460507498e61f24253741ed58abc715d4bf7807757fa04d90b3cec5c9
  md5: 9962b2c948571cc17e0e80ef9b7959b1
  depends:
  - autoconf
  - m4
  - perl >=5.26.2,<5.26.3.0a0
  license: GPL-2.0
  license_family: GPL
  size: 602076
  timestamp: 1538077453661
- conda: https://conda.anaconda.org/conda-forge/osx-64/automake-1.16.5-pl5321h694c41f_0.tar.bz2
  sha256: 57e95acec47127ed51c7aed12d939e6ad150c69760f146127f2b3a1d00456b8b
  md5: a1e895ced37e5b420354a0dfc21a4f3a
  depends:
  - autoconf
  - m4
  - perl 5.*
  license: GPL-3.0-or-later
  license_family: GPL
  size: 661247
  timestamp: 1634806194500
- conda: https://conda.anaconda.org/conda-forge/osx-64/automake-1.17-pl5321h694c41f_0.conda
  sha256: ee25976e13541f59f5c4ce503271cab1f19e00b2de5650c24dd56df021eb9ba9
  md5: f0417369f9aa8bd13efa3bba6827ebd1
  depends:
  - autoconf
  - m4
  - perl 5.*
  license: GPL-3.0-or-later
  license_family: GPL
  size: 595420
  timestamp: 1724062197621
- conda: https://conda.anaconda.org/conda-forge/osx-arm64/automake-1.16.5-pl5321hce30654_0.tar.bz2
  sha256: 7e8f7d4ac459f06abe67faa3e14bc4a147b598e2bf8c2fae9bb0a56282cf94d4
  md5: a29ae4a7ee7280afa83435eb13219123
  depends:
  - autoconf
  - m4
  - perl 5.*
  license: GPL-3.0-or-later
  license_family: GPL
  size: 666932
  timestamp: 1634806350590
- conda: https://conda.anaconda.org/conda-forge/osx-arm64/automake-1.17-pl5321hce30654_0.conda
  sha256: b3984c45d06c7ea48d3e48ec64e48e327449a96f223d45532e94582a411cdda2
  md5: 941a95e6c23a2189c77a3feefdd5d9d7
  depends:
  - autoconf
  - m4
  - perl 5.*
  license: GPL-3.0-or-later
  license_family: GPL
  size: 594867
  timestamp: 1724062286607
- conda: https://conda.anaconda.org/conda-forge/linux-64/libgcc-15.2.0-he0feb66_15.conda
  sha256: 37f2edde2f8281672987c63f13c85a57d04d889dc929ce38204426d5eb2059cc
  md5: a5d86b0496174a412d531eac03af9174
  depends:
  - __glibc >=2.17,<3.0.a0
  - _openmp_mutex >=4.5
  constrains:
  - libgomp 15.2.0 he0feb66_15
  - libgcc-ng ==15.2.0=*_15
  license: GPL-3.0-only WITH GCC-exception-3.1
  license_family: GPL
  size: 1041379
  timestamp: 1764836112865
- conda: https://conda.anaconda.org/conda-forge/linux-aarch64/libgcc-15.2.0-h8acb6b2_15.conda
  sha256: ff184dbe54493b663eab2d62fa0b5a689eb84bec6401fcaeb44265c7f31ae4c6
  md5: cfdf8700e69902a113f2611e3cc09b55
  depends:
  - _openmp_mutex >=4.5
  constrains:
  - libgcc-ng ==15.2.0=*_15
  - libgomp 15.2.0 h8acb6b2_15
  license: GPL-3.0-only WITH GCC-exception-3.1
  license_family: GPL
  size: 621200
  timestamp: 1764836146613
- conda: https://conda.anaconda.org/conda-forge/linux-ppc64le/libgcc-15.2.0-h80f490b_15.conda
  sha256: 685c36e3cbc48cd19a8baf1b34263ff6170a7ff9459057b920b9a2534fab5dbc
  md5: c41d1dd1228f0431c3b03150e78d4a0a
  depends:
  - _openmp_mutex >=4.5
  constrains:
  - libgcc-ng ==15.2.0=*_15
  - libgomp 15.2.0 h80f490b_15
  license: GPL-3.0-only WITH GCC-exception-3.1
  license_family: GPL
  size: 916936
  timestamp: 1764840713809
- conda: https://conda.anaconda.org/conda-forge/linux-64/libgcc-ng-15.2.0-h69a702a_15.conda
  sha256: 497d8cdba0da8fa154613d1c15f585674cadc194964ed1b4fe7c2809938dc41f
  md5: 7b742943660c5173bb6a5c823021c9a0
  depends:
  - libgcc 15.2.0 he0feb66_15
  license: GPL-3.0-only WITH GCC-exception-3.1
  license_family: GPL
  size: 26834
  timestamp: 1764836127111
- conda: https://conda.anaconda.org/conda-forge/linux-aarch64/libgcc-ng-15.2.0-he9431aa_15.conda
  sha256: 80e6135b5b0083ad6f0f00b8368d666fb148923fe2d3ab7d8cdca3eaf575eeff
  md5: ad92990dc6f608f412a01540a7c9510e
  depends:
  - libgcc 15.2.0 h8acb6b2_15
  license: GPL-3.0-only WITH GCC-exception-3.1
  license_family: GPL
  size: 26927
  timestamp: 1764836155568
- conda: https://conda.anaconda.org/conda-forge/linux-ppc64le/libgcc-ng-15.2.0-hfdc3801_15.conda
  sha256: 54c3fcc9ea5d3a834025aee28d3468982f764d9f7f398670813aaa9fa2dc7473
  md5: 73cd8a184fb83a85745c69d30b89a106
  depends:
  - libgcc 15.2.0 h80f490b_15
  license: GPL-3.0-only WITH GCC-exception-3.1
  license_family: GPL
  size: 26998
  timestamp: 1764840720475
- conda: https://conda.anaconda.org/conda-forge/linux-64/libgomp-15.2.0-he0feb66_15.conda
  sha256: b3c4e39be7aba6f5a8695d428362c5c918b96a281ce0a7037f1e889dfc340615
  md5: a90d6983da0757f4c09bb8fcfaf34e71
  depends:
  - __glibc >=2.17,<3.0.a0
  license: GPL-3.0-only WITH GCC-exception-3.1
  license_family: GPL
  size: 602978
  timestamp: 1764836011147
- conda: https://conda.anaconda.org/conda-forge/linux-aarch64/libgomp-15.2.0-h8acb6b2_15.conda
  sha256: d76cbb7e76af310828c74396a78c59a3b305431da25c9337e420bb441d2e8ca0
  md5: 0719da240fd6086c34c4c30080329806
  license: GPL-3.0-only WITH GCC-exception-3.1
  license_family: GPL
  size: 587301
  timestamp: 1764836050907
- conda: https://conda.anaconda.org/conda-forge/linux-ppc64le/libgomp-15.2.0-h80f490b_15.conda
  sha256: 288e4cf65df57e388fe55dcbac8e6fc66c3bea9cf5e75f90a3b30d40f8c8525f
  md5: 43225f49e7f58a17084b4a15b8838cd4
  license: GPL-3.0-only WITH GCC-exception-3.1
  license_family: GPL
  size: 639297
  timestamp: 1764840619530
- conda: https://conda.anaconda.org/conda-forge/linux-64/libxcrypt-4.4.36-hd590300_1.conda
  sha256: 6ae68e0b86423ef188196fff6207ed0c8195dd84273cb5623b85aa08033a410c
  md5: 5aa797f8787fe7a17d1b0821485b5adc
  depends:
  - libgcc-ng >=12
  license: LGPL-2.1-or-later
  size: 100393
  timestamp: 1702724383534
- conda: https://conda.anaconda.org/conda-forge/linux-aarch64/libxcrypt-4.4.36-h31becfc_1.conda
  sha256: 6b46c397644091b8a26a3048636d10b989b1bf266d4be5e9474bf763f828f41f
  md5: b4df5d7d4b63579d081fd3a4cf99740e
  depends:
  - libgcc-ng >=12
  license: LGPL-2.1-or-later
  size: 114269
  timestamp: 1702724369203
- conda: https://conda.anaconda.org/conda-forge/linux-ppc64le/libxcrypt-4.4.36-ha17a0cc_1.conda
  sha256: 9ac5f759e8aade50c37fc26c1c050e87943538ea97e21f243fd72156055aba31
  md5: b8d12a4079c614d8852c6a310fa61a80
  depends:
  - libgcc-ng >=12
  license: LGPL-2.1-or-later
  size: 124052
  timestamp: 1702725129071
- conda: https://conda.anaconda.org/conda-forge/linux-64/m4-1.4.20-hb9d3cd8_0.conda
  sha256: c3d51ea1f8a52a92d49e57fa94c6bd434de2f18f80ebecbc0c47254110d92e51
  md5: d6798f502ec48cf0d626ad5a5d722a89
  depends:
  - __glibc >=2.17,<3.0.a0
  - libgcc >=13
  license: GPL-3.0-or-later
  license_family: GPL
  size: 286245
  timestamp: 1747307567001
- conda: https://conda.anaconda.org/conda-forge/linux-aarch64/m4-1.4.20-h86ecc28_0.conda
  sha256: d6765f764e4113d87352a1706b0232f1d9c1f85865975bdec09023d681852506
  md5: efda613954f08cb2327b5b90852ebefd
  depends:
  - libgcc >=13
  license: GPL-3.0-or-later
  license_family: GPL
  size: 349747
  timestamp: 1747307562651
- conda: https://conda.anaconda.org/conda-forge/linux-ppc64le/m4-1.4.20-h190368a_0.conda
  sha256: 89816477a6b0989e0c1c8bfd73f2f6cc879df473630a1c88abf5af9303ae0ae8
  md5: c0b57ec142f4bb2bb36bd179321995fd
  depends:
  - libgcc >=13
  license: GPL-3.0-or-later
  license_family: GPL
  size: 369688
  timestamp: 1747307473813
- conda: https://conda.anaconda.org/conda-forge/osx-64/m4-1.4.20-h6e16a3a_0.conda
  sha256: 36507c1f183c535ae898fc7f6d3b7d159f25cb2cdf511bfc227f70b662c86e64
  md5: 5b5e2277a0d4bb0bb4560ccbc8d4ee56
  depends:
  - __osx >=10.13
  license: GPL-3.0-or-later
  license_family: GPL
  size: 247406
  timestamp: 1747307911805
- conda: https://conda.anaconda.org/conda-forge/osx-arm64/m4-1.4.20-h5505292_0.conda
  sha256: fc0c66a368eb6f229a9e658186b44b43d1078cb9293dba3914a64541da37092a
  md5: 4b57dac66db7018569818428b9754153
  depends:
  - __osx >=11.0
  license: GPL-3.0-or-later
  license_family: GPL
  size: 233690
  timestamp: 1747307644910
- conda: https://conda.anaconda.org/conda-forge/linux-64/perl-5.20.3.1-2.tar.bz2
  sha256: 76b6d247c058251fe259dce83b344865860d5694921e41acc4953fe07619e40d
  md5: 3c8a9ab9848ce643d6ef6d7692ccbd19
  license: Perl
  license_family: Other
  size: 15555155
- conda: https://conda.anaconda.org/conda-forge/linux-64/perl-5.26.2-h36c2ea0_1008.tar.bz2
  sha256: b15cda798804fa388be0a7397fd75a2396c95affeabb8e17aa335c88912b9a55
  md5: 880aa2aacfafa2bc69f7d42168fcee7d
  depends:
  - libgcc-ng >=7.5.0
  license: Perl Artistic
  license_family: Other
  size: 16168817
  timestamp: 1603925645430
- conda: https://conda.anaconda.org/conda-forge/linux-64/perl-5.32.1-7_hd590300_perl5.conda
  build_number: 7
  sha256: 9ec32b6936b0e37bcb0ed34f22ec3116e75b3c0964f9f50ecea5f58734ed6ce9
  md5: f2cfec9406850991f4e3d960cc9e3321
  depends:
  - libgcc-ng >=12
  - libxcrypt >=4.4.36
  license: GPL-1.0-or-later OR Artistic-1.0-Perl
  size: 13344463
  timestamp: 1703310653947
- conda: https://conda.anaconda.org/conda-forge/linux-aarch64/perl-5.32.1-7_h31becfc_perl5.conda
  build_number: 7
  sha256: d78296134263b5bf476cad838ded65451e7162db756f9997c5d06b08122572ed
  md5: 17d019cb2a6c72073c344e98e40dfd61
  depends:
  - libgcc-ng >=12
  - libxcrypt >=4.4.36
  license: GPL-1.0-or-later OR Artistic-1.0-Perl
  size: 13338804
  timestamp: 1703310557094
- conda: https://conda.anaconda.org/conda-forge/linux-ppc64le/perl-5.32.1-7_ha17a0cc_perl5.conda
  build_number: 7
  sha256: 4c429772348969a05a00fd1b3c2dc89a53e330e59238db1f221fc96c1d4da742
  md5: e4177d25959d087f16eaebdd2f57aa05
  depends:
  - libgcc-ng >=12
  - libxcrypt >=4.4.36
  license: GPL-1.0-or-later OR Artistic-1.0-Perl
  size: 13178803
  timestamp: 1703312943553
- conda: https://conda.anaconda.org/conda-forge/osx-64/perl-5.20.3.1-2.tar.bz2
  sha256: f42b95214af4705233ab50e6d878637e059c522d093fc15a4ecfe1423fffbced
  md5: d96527363cc8305742e1c8dddf3e324e
  license: Perl
  license_family: Other
  size: 15006224
- conda: https://conda.anaconda.org/conda-forge/osx-64/perl-5.26.2-hbcb3906_1008.tar.bz2
  sha256: c90834a11a90edb7e09aef265c0556b8549060c1e65c160a44346e9d37e428f8
  md5: 6beb52b2725bab4b0d757a1119a2d7bb
  license: Perl Artistic
  license_family: Other
  size: 14944981
  timestamp: 1603925824212
- conda: https://conda.anaconda.org/conda-forge/osx-64/perl-5.32.1-7_h10d778d_perl5.conda
  build_number: 7
  sha256: 8ebd35e2940055a93135b9fd11bef3662cecef72d6ee651f68d64a2f349863c7
  md5: dc442e0885c3a6b65e61c61558161a9e
  license: GPL-1.0-or-later OR Artistic-1.0-Perl
  size: 12334471
  timestamp: 1703311001432
- conda: https://conda.anaconda.org/conda-forge/osx-arm64/perl-5.32.1-7_h4614cfb_perl5.conda
  build_number: 7
  sha256: b0c55040d2994fd6bf2f83786561d92f72306d982d6ea12889acad24a9bf43b8
  md5: ba3cbe93f99e896765422cc5f7c3a79e
  license: GPL-1.0-or-later OR Artistic-1.0-Perl
  size: 14439531
  timestamp: 1703311335652
