version: 6
environments:
  grep_3.10:
    channels:
    - url: https://conda.anaconda.org/conda-forge
    packages:
      linux-64:
      - conda: https://conda.anaconda.org/conda-forge/linux-64/_libgcc_mutex-0.1-conda_forge.tar.bz2
      - conda: https://conda.anaconda.org/conda-forge/linux-64/_openmp_mutex-4.5-2_gnu.tar.bz2
      - conda: https://conda.anaconda.org/conda-forge/linux-64/bzip2-1.0.8-hda65f42_8.conda
      - conda: https://conda.anaconda.org/conda-forge/linux-64/grep-3.10-h5823315_0.conda
      - conda: https://conda.anaconda.org/conda-forge/linux-64/libgcc-15.2.0-he0feb66_15.conda
      - conda: https://conda.anaconda.org/conda-forge/linux-64/libgcc-ng-15.2.0-h69a702a_15.conda
      - conda: https://conda.anaconda.org/conda-forge/linux-64/libgomp-15.2.0-he0feb66_15.conda
      - conda: https://conda.anaconda.org/conda-forge/linux-64/libzlib-1.3.1-hb9d3cd8_2.conda
      - conda: https://conda.anaconda.org/conda-forge/linux-64/pcre2-10.40-hc3806b6_0.tar.bz2
      linux-aarch64:
      - conda: https://conda.anaconda.org/conda-forge/linux-aarch64/_openmp_mutex-4.5-2_gnu.tar.bz2
      - conda: https://conda.anaconda.org/conda-forge/linux-aarch64/bzip2-1.0.8-h4777abc_8.conda
      - conda: https://conda.anaconda.org/conda-forge/linux-aarch64/grep-3.10-ha97b9d3_0.conda
      - conda: https://conda.anaconda.org/conda-forge/linux-aarch64/libgcc-15.2.0-h8acb6b2_15.conda
      - conda: https://conda.anaconda.org/conda-forge/linux-aarch64/libgcc-ng-15.2.0-he9431aa_15.conda
      - conda: https://conda.anaconda.org/conda-forge/linux-aarch64/libgomp-15.2.0-h8acb6b2_15.conda
      - conda: https://conda.anaconda.org/conda-forge/linux-aarch64/libzlib-1.3.1-h86ecc28_2.conda
      - conda: https://conda.anaconda.org/conda-forge/linux-aarch64/pcre2-10.40-he7b27c6_0.tar.bz2
      linux-ppc64le:
      - conda: https://conda.anaconda.org/conda-forge/linux-ppc64le/_libgcc_mutex-0.1-conda_forge.tar.bz2
      - conda: https://conda.anaconda.org/conda-forge/linux-ppc64le/_openmp_mutex-4.5-2_gnu.tar.bz2
      - conda: https://conda.anaconda.org/conda-forge/linux-ppc64le/bzip2-1.0.8-heb0841c_8.conda
      - conda: https://conda.anaconda.org/conda-forge/linux-ppc64le/grep-3.10-h1d98766_0.conda
      - conda: https://conda.anaconda.org/conda-forge/linux-ppc64le/libgcc-15.2.0-h80f490b_15.conda
      - conda: https://conda.anaconda.org/conda-forge/linux-ppc64le/libgcc-ng-15.2.0-hfdc3801_15.conda
      - conda: https://conda.anaconda.org/conda-forge/linux-ppc64le/libgomp-15.2.0-h80f490b_15.conda
      - conda: https://conda.anaconda.org/conda-forge/linux-ppc64le/libzlib-1.3.1-h190368a_2.conda
      - conda: https://conda.anaconda.org/conda-forge/linux-ppc64le/pcre2-10.40-h02375f6_0.tar.bz2
      osx-64:
      - conda: https://conda.anaconda.org/conda-forge/osx-64/bzip2-1.0.8-h500dc9f_8.conda
      - conda: https://conda.anaconda.org/conda-forge/osx-64/grep-3.10-he7cd6ca_0.conda
      - conda: https://conda.anaconda.org/conda-forge/osx-64/libzlib-1.3.1-hd23fc13_2.conda
      - conda: https://conda.anaconda.org/conda-forge/osx-64/pcre2-10.40-h1c4e4bc_0.tar.bz2
      osx-arm64:
      - conda: https://conda.anaconda.org/conda-forge/osx-arm64/bzip2-1.0.8-hd037594_8.conda
      - conda: https://conda.anaconda.org/conda-forge/osx-arm64/grep-3.10-h5d9c4c3_0.conda
      - conda: https://conda.anaconda.org/conda-forge/osx-arm64/libzlib-1.3.1-h8359307_2.conda
      - conda: https://conda.anaconda.org/conda-forge/osx-arm64/pcre2-10.40-hb34f9b4_0.tar.bz2
  grep_3.11:
    channels:
    - url: https://conda.anaconda.org/conda-forge
    packages:
      linux-64:
      - conda: https://conda.anaconda.org/conda-forge/linux-64/_libgcc_mutex-0.1-conda_forge.tar.bz2
      - conda: https://conda.anaconda.org/conda-forge/linux-64/_openmp_mutex-4.5-2_gnu.tar.bz2
      - conda: https://conda.anaconda.org/conda-forge/linux-64/bzip2-1.0.8-hda65f42_8.conda
      - conda: https://conda.anaconda.org/conda-forge/linux-64/grep-3.11-h7af0fdc_3.conda
      - conda: https://conda.anaconda.org/conda-forge/linux-64/libgcc-15.2.0-he0feb66_15.conda
      - conda: https://conda.anaconda.org/conda-forge/linux-64/libgcc-ng-15.2.0-h69a702a_15.conda
      - conda: https://conda.anaconda.org/conda-forge/linux-64/libgomp-15.2.0-he0feb66_15.conda
      - conda: https://conda.anaconda.org/conda-forge/linux-64/libzlib-1.3.1-hb9d3cd8_2.conda
      - conda: https://conda.anaconda.org/conda-forge/linux-64/pcre2-10.44-hc749103_2.conda
      linux-aarch64:
      - conda: https://conda.anaconda.org/conda-forge/linux-aarch64/_openmp_mutex-4.5-2_gnu.tar.bz2
      - conda: https://conda.anaconda.org/conda-forge/linux-aarch64/bzip2-1.0.8-h4777abc_8.conda
      - conda: https://conda.anaconda.org/conda-forge/linux-aarch64/grep-3.11-ha3237fd_3.conda
      - conda: https://conda.anaconda.org/conda-forge/linux-aarch64/libgcc-15.2.0-h8acb6b2_15.conda
      - conda: https://conda.anaconda.org/conda-forge/linux-aarch64/libgcc-ng-15.2.0-he9431aa_15.conda
      - conda: https://conda.anaconda.org/conda-forge/linux-aarch64/libgomp-15.2.0-h8acb6b2_15.conda
      - conda: https://conda.anaconda.org/conda-forge/linux-aarch64/libzlib-1.3.1-h86ecc28_2.conda
      - conda: https://conda.anaconda.org/conda-forge/linux-aarch64/pcre2-10.44-hf4ec17f_2.conda
      linux-ppc64le:
      - conda: https://conda.anaconda.org/conda-forge/linux-ppc64le/_libgcc_mutex-0.1-conda_forge.tar.bz2
      - conda: https://conda.anaconda.org/conda-forge/linux-ppc64le/_openmp_mutex-4.5-2_gnu.tar.bz2
      - conda: https://conda.anaconda.org/conda-forge/linux-ppc64le/bzip2-1.0.8-heb0841c_8.conda
      - conda: https://conda.anaconda.org/conda-forge/linux-ppc64le/grep-3.11-h4dede37_3.conda
      - conda: https://conda.anaconda.org/conda-forge/linux-ppc64le/libgcc-15.2.0-h80f490b_15.conda
      - conda: https://conda.anaconda.org/conda-forge/linux-ppc64le/libgcc-ng-15.2.0-hfdc3801_15.conda
      - conda: https://conda.anaconda.org/conda-forge/linux-ppc64le/libgomp-15.2.0-h80f490b_15.conda
      - conda: https://conda.anaconda.org/conda-forge/linux-ppc64le/libzlib-1.3.1-h190368a_2.conda
      - conda: https://conda.anaconda.org/conda-forge/linux-ppc64le/pcre2-10.44-had0de47_2.conda
      osx-64:
      - conda: https://conda.anaconda.org/conda-forge/osx-64/bzip2-1.0.8-h500dc9f_8.conda
      - conda: https://conda.anaconda.org/conda-forge/osx-64/grep-3.11-h8b93b7b_3.conda
      - conda: https://conda.anaconda.org/conda-forge/osx-64/libzlib-1.3.1-hd23fc13_2.conda
      - conda: https://conda.anaconda.org/conda-forge/osx-64/pcre2-10.44-hf733adb_2.conda
      osx-arm64:
      - conda: https://conda.anaconda.org/conda-forge/osx-arm64/bzip2-1.0.8-hd037594_8.conda
      - conda: https://conda.anaconda.org/conda-forge/osx-arm64/grep-3.11-hfaa6740_3.conda
      - conda: https://conda.anaconda.org/conda-forge/osx-arm64/libzlib-1.3.1-h8359307_2.conda
      - conda: https://conda.anaconda.org/conda-forge/osx-arm64/pcre2-10.44-ha881caa_2.conda
  grep_3.12:
    channels:
    - url: https://conda.anaconda.org/conda-forge
    packages:
      linux-64:
      - conda: https://conda.anaconda.org/conda-forge/linux-64/_libgcc_mutex-0.1-conda_forge.tar.bz2
      - conda: https://conda.anaconda.org/conda-forge/linux-64/_openmp_mutex-4.5-2_gnu.tar.bz2
      - conda: https://conda.anaconda.org/conda-forge/linux-64/bzip2-1.0.8-hda65f42_8.conda
      - conda: https://conda.anaconda.org/conda-forge/linux-64/grep-3.12-hbe4e646_1.conda
      - conda: https://conda.anaconda.org/conda-forge/linux-64/libgcc-15.2.0-he0feb66_15.conda
      - conda: https://conda.anaconda.org/conda-forge/linux-64/libgomp-15.2.0-he0feb66_15.conda
      - conda: https://conda.anaconda.org/conda-forge/linux-64/libzlib-1.3.1-hb9d3cd8_2.conda
      - conda: https://conda.anaconda.org/conda-forge/linux-64/pcre2-10.47-haa7fec5_0.conda
      linux-aarch64:
      - conda: https://conda.anaconda.org/conda-forge/linux-aarch64/_openmp_mutex-4.5-2_gnu.tar.bz2
      - conda: https://conda.anaconda.org/conda-forge/linux-aarch64/bzip2-1.0.8-h4777abc_8.conda
      - conda: https://conda.anaconda.org/conda-forge/linux-aarch64/grep-3.12-h6ad9a66_1.conda
      - conda: https://conda.anaconda.org/conda-forge/linux-aarch64/libgcc-15.2.0-h8acb6b2_15.conda
      - conda: https://conda.anaconda.org/conda-forge/linux-aarch64/libgomp-15.2.0-h8acb6b2_15.conda
      - conda: https://conda.anaconda.org/conda-forge/linux-aarch64/libzlib-1.3.1-h86ecc28_2.conda
      - conda: https://conda.anaconda.org/conda-forge/linux-aarch64/pcre2-10.47-hf841c20_0.conda
      linux-ppc64le:
      - conda: https://conda.anaconda.org/conda-forge/linux-ppc64le/_libgcc_mutex-0.1-conda_forge.tar.bz2
      - conda: https://conda.anaconda.org/conda-forge/linux-ppc64le/_openmp_mutex-4.5-2_gnu.tar.bz2
      - conda: https://conda.anaconda.org/conda-forge/linux-ppc64le/bzip2-1.0.8-heb0841c_8.conda
      - conda: https://conda.anaconda.org/conda-forge/linux-ppc64le/grep-3.12-h26384dc_1.conda
      - conda: https://conda.anaconda.org/conda-forge/linux-ppc64le/libgcc-15.2.0-h80f490b_15.conda
      - conda: https://conda.anaconda.org/conda-forge/linux-ppc64le/libgomp-15.2.0-h80f490b_15.conda
      - conda: https://conda.anaconda.org/conda-forge/linux-ppc64le/libzlib-1.3.1-h190368a_2.conda
      - conda: https://conda.anaconda.org/conda-forge/linux-ppc64le/pcre2-10.47-h25ffc0e_0.conda
      osx-64:
      - conda: https://conda.anaconda.org/conda-forge/osx-64/bzip2-1.0.8-h500dc9f_8.conda
      - conda: https://conda.anaconda.org/conda-forge/osx-64/grep-3.12-hab9fb4a_1.conda
      - conda: https://conda.anaconda.org/conda-forge/osx-64/libiconv-1.18-h57a12c2_2.conda
      - conda: https://conda.anaconda.org/conda-forge/osx-64/libintl-0.25.1-h3184127_1.conda
      - conda: https://conda.anaconda.org/conda-forge/osx-64/libzlib-1.3.1-hd23fc13_2.conda
      - conda: https://conda.anaconda.org/conda-forge/osx-64/pcre2-10.47-h13923f0_0.conda
      osx-arm64:
      - conda: https://conda.anaconda.org/conda-forge/osx-arm64/bzip2-1.0.8-hd037594_8.conda
      - conda: https://conda.anaconda.org/conda-forge/osx-arm64/grep-3.12-h8dcd326_1.conda
      - conda: https://conda.anaconda.org/conda-forge/osx-arm64/libiconv-1.18-h23cfdf5_2.conda
      - conda: https://conda.anaconda.org/conda-forge/osx-arm64/libintl-0.25.1-h493aca8_0.conda
      - conda: https://conda.anaconda.org/conda-forge/osx-arm64/libzlib-1.3.1-h8359307_2.conda
      - conda: https://conda.anaconda.org/conda-forge/osx-arm64/pcre2-10.47-h30297fc_0.conda
  grep_3.9:
    channels:
    - url: https://conda.anaconda.org/conda-forge
    packages:
      linux-64:
      - conda: https://conda.anaconda.org/conda-forge/linux-64/_libgcc_mutex-0.1-conda_forge.tar.bz2
      - conda: https://conda.anaconda.org/conda-forge/linux-64/_openmp_mutex-4.5-2_gnu.tar.bz2
      - conda: https://conda.anaconda.org/conda-forge/linux-64/bzip2-1.0.8-hda65f42_8.conda
      - conda: https://conda.anaconda.org/conda-forge/linux-64/grep-3.9-h5823315_1.conda
      - conda: https://conda.anaconda.org/conda-forge/linux-64/libgcc-15.2.0-he0feb66_15.conda
      - conda: https://conda.anaconda.org/conda-forge/linux-64/libgcc-ng-15.2.0-h69a702a_15.conda
      - conda: https://conda.anaconda.org/conda-forge/linux-64/libgomp-15.2.0-he0feb66_15.conda
      - conda: https://conda.anaconda.org/conda-forge/linux-64/libzlib-1.3.1-hb9d3cd8_2.conda
      - conda: https://conda.anaconda.org/conda-forge/linux-64/pcre2-10.40-hc3806b6_0.tar.bz2
      linux-aarch64:
      - conda: https://conda.anaconda.org/conda-forge/linux-aarch64/_openmp_mutex-4.5-2_gnu.tar.bz2
      - conda: https://conda.anaconda.org/conda-forge/linux-aarch64/bzip2-1.0.8-h4777abc_8.conda
      - conda: https://conda.anaconda.org/conda-forge/linux-aarch64/grep-3.9-ha97b9d3_1.conda
      - conda: https://conda.anaconda.org/conda-forge/linux-aarch64/libgcc-15.2.0-h8acb6b2_15.conda
      - conda: https://conda.anaconda.org/conda-forge/linux-aarch64/libgcc-ng-15.2.0-he9431aa_15.conda
      - conda: https://conda.anaconda.org/conda-forge/linux-aarch64/libgomp-15.2.0-h8acb6b2_15.conda
      - conda: https://conda.anaconda.org/conda-forge/linux-aarch64/libzlib-1.3.1-h86ecc28_2.conda
      - conda: https://conda.anaconda.org/conda-forge/linux-aarch64/pcre2-10.40-he7b27c6_0.tar.bz2
      linux-ppc64le:
      - conda: https://conda.anaconda.org/conda-forge/linux-ppc64le/_libgcc_mutex-0.1-conda_forge.tar.bz2
      - conda: https://conda.anaconda.org/conda-forge/linux-ppc64le/_openmp_mutex-4.5-2_gnu.tar.bz2
      - conda: https://conda.anaconda.org/conda-forge/linux-ppc64le/bzip2-1.0.8-heb0841c_8.conda
      - conda: https://conda.anaconda.org/conda-forge/linux-ppc64le/grep-3.9-h1d98766_1.conda
      - conda: https://conda.anaconda.org/conda-forge/linux-ppc64le/libgcc-15.2.0-h80f490b_15.conda
      - conda: https://conda.anaconda.org/conda-forge/linux-ppc64le/libgcc-ng-15.2.0-hfdc3801_15.conda
      - conda: https://conda.anaconda.org/conda-forge/linux-ppc64le/libgomp-15.2.0-h80f490b_15.conda
      - conda: https://conda.anaconda.org/conda-forge/linux-ppc64le/libzlib-1.3.1-h190368a_2.conda
      - conda: https://conda.anaconda.org/conda-forge/linux-ppc64le/pcre2-10.40-h02375f6_0.tar.bz2
      osx-64:
      - conda: https://conda.anaconda.org/conda-forge/osx-64/bzip2-1.0.8-h500dc9f_8.conda
      - conda: https://conda.anaconda.org/conda-forge/osx-64/grep-3.9-he7cd6ca_1.conda
      - conda: https://conda.anaconda.org/conda-forge/osx-64/libzlib-1.3.1-hd23fc13_2.conda
      - conda: https://conda.anaconda.org/conda-forge/osx-64/pcre2-10.40-h1c4e4bc_0.tar.bz2
      osx-arm64:
      - conda: https://conda.anaconda.org/conda-forge/osx-arm64/bzip2-1.0.8-hd037594_8.conda
      - conda: https://conda.anaconda.org/conda-forge/osx-arm64/grep-3.9-h5d9c4c3_1.conda
      - conda: https://conda.anaconda.org/conda-forge/osx-arm64/libzlib-1.3.1-h8359307_2.conda
      - conda: https://conda.anaconda.org/conda-forge/osx-arm64/pcre2-10.40-hb34f9b4_0.tar.bz2
packages:
- conda: https://conda.anaconda.org/conda-forge/linux-64/_libgcc_mutex-0.1-conda_forge.tar.bz2
  sha256: fe51de6107f9edc7aa4f786a70f4a883943bc9d39b3bb7307c04c41410990726
  md5: d7c89558ba9fa0495403155b64376d81
  license: None
  size: 2562
  timestamp: 1578324546067
- conda: https://conda.anaconda.org/conda-forge/linux-ppc64le/_libgcc_mutex-0.1-conda_forge.tar.bz2
  sha256: 5dd34b412e6274c0614d01a2f616844376ae873dfb8782c2c67d055779de6df6
  md5: e96f48755dc7c9f86c4aecf4cac40477
  license: None
  size: 2550
  timestamp: 1578324511581
- conda: https://conda.anaconda.org/conda-forge/linux-64/_openmp_mutex-4.5-2_gnu.tar.bz2
  build_number: 16
  sha256: fbe2c5e56a653bebb982eda4876a9178aedfc2b545f25d0ce9c4c0b508253d22
  md5: 73aaf86a425cc6e73fcf236a5a46396d
  depends:
  - _libgcc_mutex 0.1 conda_forge
  - libgomp >=7.5.0
  constrains:
  - openmp_impl 9999
  license: BSD-3-Clause
  license_family: BSD
  size: 23621
  timestamp: 1650670423406
- conda: https://conda.anaconda.org/conda-forge/linux-aarch64/_openmp_mutex-4.5-2_gnu.tar.bz2
  build_number: 16
  sha256: 3702bef2f0a4d38bd8288bbe54aace623602a1343c2cfbefd3fa188e015bebf0
  md5: 6168d71addc746e8f2b8d57dfd2edcea
  depends:
  - libgomp >=7.5.0
  constrains:
  - openmp_impl 9999
  license: BSD-3-Clause
  license_family: BSD
  size: 23712
  timestamp: 1650670790230
- conda: https://conda.anaconda.org/conda-forge/linux-ppc64le/_openmp_mutex-4.5-2_gnu.tar.bz2
  build_number: 16
  sha256: 4c89c2067cf5e7b0fbbdc3200c3f7affa5896e14812acf10f51575be87ae0c05
  md5: 3e41cbaba7e4988d15a24c4e85e6171b
  depends:
  - _libgcc_mutex 0.1 conda_forge
  - libgomp >=7.5.0
  constrains:
  - openmp_impl 9999
  license: BSD-3-Clause
  license_family: BSD
  size: 23710
  timestamp: 1650671119831
- conda: https://conda.anaconda.org/conda-forge/linux-64/bzip2-1.0.8-hda65f42_8.conda
  sha256: c30daba32ddebbb7ded490f0e371eae90f51e72db620554089103b4a6934b0d5
  md5: 51a19bba1b8ebfb60df25cde030b7ebc
  depends:
  - __glibc >=2.17,<3.0.a0
  - libgcc >=14
  license: bzip2-1.0.6
  license_family: BSD
  size: 260341
  timestamp: 1757437258798
- conda: https://conda.anaconda.org/conda-forge/linux-aarch64/bzip2-1.0.8-h4777abc_8.conda
  sha256: d2a296aa0b5f38ed9c264def6cf775c0ccb0f110ae156fcde322f3eccebf2e01
  md5: 2921ac0b541bf37c69e66bd6d9a43bca
  depends:
  - libgcc >=14
  license: bzip2-1.0.6
  license_family: BSD
  size: 192536
  timestamp: 1757437302703
- conda: https://conda.anaconda.org/conda-forge/linux-ppc64le/bzip2-1.0.8-heb0841c_8.conda
  sha256: 08583219e04e9831624fe8b382d91c59e196b156c7680ba4b1c370568f4a0d9a
  md5: 594e634d07a75c72b09085d61a2ddcf1
  depends:
  - libgcc >=14
  license: bzip2-1.0.6
  license_family: BSD
  size: 204568
  timestamp: 1757437305722
- conda: https://conda.anaconda.org/conda-forge/osx-64/bzip2-1.0.8-h500dc9f_8.conda
  sha256: 8f50b58efb29c710f3cecf2027a8d7325ba769ab10c746eff75cea3ac050b10c
  md5: 97c4b3bd8a90722104798175a1bdddbf
  depends:
  - __osx >=10.13
  license: bzip2-1.0.6
  license_family: BSD
  size: 132607
  timestamp: 1757437730085
- conda: https://conda.anaconda.org/conda-forge/osx-arm64/bzip2-1.0.8-hd037594_8.conda
  sha256: b456200636bd5fecb2bec63f7e0985ad2097cf1b83d60ce0b6968dffa6d02aa1
  md5: 58fd217444c2a5701a44244faf518206
  depends:
  - __osx >=11.0
  license: bzip2-1.0.6
  license_family: BSD
  size: 125061
  timestamp: 1757437486465
- conda: https://conda.anaconda.org/conda-forge/linux-64/grep-3.10-h5823315_0.conda
  sha256: 9e455bc67a24bbf062d942eaf195bf8f675e980321ab659fd942b803b82f046c
  md5: 58ed4aca4faf4f625992c53f43aade6b
  depends:
  - libgcc-ng >=12
  - pcre2 >=10.40,<10.41.0a0
  license: GPL-3.0-or-later
  license_family: GPL
  size: 288552
  timestamp: 1679543109402
- conda: https://conda.anaconda.org/conda-forge/linux-64/grep-3.11-h7af0fdc_3.conda
  sha256: 4e091a15fb4f21463b1b9fd8ebec174c8ccec99abf17a49b8b7dda87c99a3295
  md5: 42334e9f249b538e09b4b385993ccb13
  depends:
  - libgcc-ng >=12
  - pcre2 >=10.44,<10.45.0a0
  license: GPL-3.0-or-later
  license_family: GPL
  size: 289324
  timestamp: 1718579808226
- conda: https://conda.anaconda.org/conda-forge/linux-64/grep-3.12-hbe4e646_1.conda
  sha256: 0891ab53fa987a8264a84894303ec848d35d33c8b2b7de83e81aadf4c3999536
  md5: 3ccde1d6bc5aeab564a4ccd959b18e7a
  depends:
  - libgcc >=14
  - __glibc >=2.17,<3.0.a0
  - pcre2 >=10.47,<10.48.0a0
  license: GPL-3.0-or-later
  license_family: GPL
  size: 283943
  timestamp: 1763696945870
- conda: https://conda.anaconda.org/conda-forge/linux-64/grep-3.9-h5823315_1.conda
  sha256: 83ac61f89caeaae59d1accbc65421d85d6156d0439ab7762322f78390604eef1
  md5: 801ad58e6679c1999a889a024d6f75b8
  depends:
  - libgcc-ng >=12
  - pcre2 >=10.40,<10.41.0a0
  license: GPL-3.0-or-later
  license_family: GPL
  size: 287305
  timestamp: 1679191842583
- conda: https://conda.anaconda.org/conda-forge/linux-aarch64/grep-3.10-ha97b9d3_0.conda
  sha256: d26323f61e2971cc71f79a05dc6438c7776c02212b30d006ab9836bd6162b44f
  md5: 26704f6d5bc4fd17692dbf4a95b3fec7
  depends:
  - libgcc-ng >=12
  - pcre2 >=10.40,<10.41.0a0
  license: GPL-3.0-or-later
  license_family: GPL
  size: 307746
  timestamp: 1679543007933
- conda: https://conda.anaconda.org/conda-forge/linux-aarch64/grep-3.11-ha3237fd_3.conda
  sha256: 9509dd90baeb2b2c65090102e7390a97810660254f782251ac7f71105ebb9b84
  md5: 19a40e482552a16247dcab05a85b5793
  depends:
  - libgcc-ng >=12
  - pcre2 >=10.44,<10.45.0a0
  license: GPL-3.0-or-later
  license_family: GPL
  size: 308109
  timestamp: 1718579787813
- conda: https://conda.anaconda.org/conda-forge/linux-aarch64/grep-3.12-h6ad9a66_1.conda
  sha256: 434158d391b4f7c0cc7c8bfc681b36a317158d3203af4dd44a239dcf8f5f43f9
  md5: a2b8fea0e331130b42c5bf57257ff5cb
  depends:
  - libgcc >=14
  - pcre2 >=10.47,<10.48.0a0
  license: GPL-3.0-or-later
  license_family: GPL
  size: 357316
  timestamp: 1763696949174
- conda: https://conda.anaconda.org/conda-forge/linux-aarch64/grep-3.9-ha97b9d3_1.conda
  sha256: bf9282d6cb63d7791b6fc68e3176c5e66f5d0fe6ee236f61100127af0de7e026
  md5: ddbadf530521ef3fe078b175d2a9f0ba
  depends:
  - libgcc-ng >=12
  - pcre2 >=10.40,<10.41.0a0
  license: GPL-3.0-or-later
  license_family: GPL
  size: 306831
  timestamp: 1679191765576
- conda: https://conda.anaconda.org/conda-forge/linux-ppc64le/grep-3.10-h1d98766_0.conda
  sha256: cefb7f9ddcf144a8c5f4e7a87146b1d392b44355d9aab5165ef3aa5c157ee75a
  md5: 03e5deae371ebcbe79d80375bde8817f
  depends:
  - libgcc-ng >=12
  - pcre2 >=10.40,<10.41.0a0
  license: GPL-3.0-or-later
  license_family: GPL
  size: 333978
  timestamp: 1679543295623
- conda: https://conda.anaconda.org/conda-forge/linux-ppc64le/grep-3.11-h4dede37_3.conda
  sha256: 7455b5310136e687efa1bde6af8e35bd1c00a9553d14fa4694a1bda655d22d13
  md5: b1431bf1fd092d5aaf3beea03bac9257
  depends:
  - libgcc-ng >=12
  - pcre2 >=10.44,<10.45.0a0
  license: GPL-3.0-or-later
  license_family: GPL
  size: 334869
  timestamp: 1718579894188
- conda: https://conda.anaconda.org/conda-forge/linux-ppc64le/grep-3.12-h26384dc_1.conda
  sha256: a4c630495946c4fa6ff187c3711da0a8a98dd390bff64776bfb07b87b2339b45
  md5: 18eed94464dd0ab9e2ea5b81898bc5c2
  depends:
  - libgcc >=14
  - pcre2 >=10.47,<10.48.0a0
  license: GPL-3.0-or-later
  license_family: GPL
  size: 381263
  timestamp: 1763697002290
- conda: https://conda.anaconda.org/conda-forge/linux-ppc64le/grep-3.9-h1d98766_1.conda
  sha256: 7ab9bd92d40d5b756a8402e4b5720b6aa6fbdf70e9e3993848666e695227356a
  md5: 11b0edd906581ff6bb72ea9c1d831735
  depends:
  - libgcc-ng >=12
  - pcre2 >=10.40,<10.41.0a0
  license: GPL-3.0-or-later
  license_family: GPL
  size: 330470
  timestamp: 1679191875864
- conda: https://conda.anaconda.org/conda-forge/osx-64/grep-3.10-he7cd6ca_0.conda
  sha256: 248ab8c90700efab38034c7c266269fc45134e329442f880286fe9baa5757a86
  md5: 4eab67920ade61cd7986a44ed70bf7e8
  depends:
  - pcre2 >=10.40,<10.41.0a0
  license: GPL-3.0-or-later
  license_family: GPL
  size: 185925
  timestamp: 1679543650880
- conda: https://conda.anaconda.org/conda-forge/osx-64/grep-3.11-h8b93b7b_3.conda
  sha256: f675df506eb4c3e0fee87b8c4744333ef9692bd0a8948479510106c1bd703fa0
  md5: 6c092da477c391ca7a437fe1c1885607
  depends:
  - __osx >=10.13
  - pcre2 >=10.44,<10.45.0a0
  license: GPL-3.0-or-later
  license_family: GPL
  size: 182470
  timestamp: 1718579996167
- conda: https://conda.anaconda.org/conda-forge/osx-64/grep-3.12-hab9fb4a_1.conda
  sha256: 984b0f51b04cadd4a4f15f6626f94f53214039b9cdef5c302fce222c4f2af9ff
  md5: 1c87f4180783d795a80ef0c6b0835a35
  depends:
  - __osx >=10.13
  - pcre2 >=10.47,<10.48.0a0
  - libintl >=0.25.1,<1.0a0
  license: GPL-3.0-or-later
  license_family: GPL
  size: 332428
  timestamp: 1763696943158
- conda: https://conda.anaconda.org/conda-forge/osx-64/grep-3.9-he7cd6ca_1.conda
  sha256: 967721a65fdfcc6ea65a37eb6a4327ce025c93e91f93b329c203f692e8c78d6b
  md5: 85ec604ccc96c256c4e1af7ea3b57b22
  depends:
  - pcre2 >=10.40,<10.41.0a0
  license: GPL-3.0-or-later
  license_family: GPL
  size: 185779
  timestamp: 1679192072263
- conda: https://conda.anaconda.org/conda-forge/osx-arm64/grep-3.10-h5d9c4c3_0.conda
  sha256: 6806cbff6974745d1319885290b21f12f3e426d90cc503c202561a06767111ab
  md5: ab840cabedc988e627df34d3032bc7e8
  depends:
  - pcre2 >=10.40,<10.41.0a0
  license: GPL-3.0-or-later
  license_family: GPL
  size: 168989
  timestamp: 1679543214078
- conda: https://conda.anaconda.org/conda-forge/osx-arm64/grep-3.11-hfaa6740_3.conda
  sha256: 93d9bc96f83561c00d86f6792cf565e1d5a8dea0c0a8370a9124a964642f8b32
  md5: 180552f93eb20488a8d71ecf9d5b046d
  depends:
  - __osx >=11.0
  - pcre2 >=10.44,<10.45.0a0
  license: GPL-3.0-or-later
  license_family: GPL
  size: 170128
  timestamp: 1718579797506
- conda: https://conda.anaconda.org/conda-forge/osx-arm64/grep-3.12-h8dcd326_1.conda
  sha256: 4da07e43785c18bbeb331913cd46ed0db6a5d0f8c629a1633e093444dcf17388
  md5: 4365342e2b4dcde59dae0f5b48d04a27
  depends:
  - __osx >=11.0
  - libintl >=0.25.1,<1.0a0
  - pcre2 >=10.47,<10.48.0a0
  license: GPL-3.0-or-later
  license_family: GPL
  size: 319914
  timestamp: 1763696945663
- conda: https://conda.anaconda.org/conda-forge/osx-arm64/grep-3.9-h5d9c4c3_1.conda
  sha256: 642cdb28c92b8f8342b6108ae28f0d0df27b1579a1845383787b3905dae93c5a
  md5: f3e08906bfe80decf8c71b2f179cb8e2
  depends:
  - pcre2 >=10.40,<10.41.0a0
  license: GPL-3.0-or-later
  license_family: GPL
  size: 168890
  timestamp: 1679191885976
- conda: https://conda.anaconda.org/conda-forge/linux-64/libgcc-15.2.0-he0feb66_15.conda
  sha256: 37f2edde2f8281672987c63f13c85a57d04d889dc929ce38204426d5eb2059cc
  md5: a5d86b0496174a412d531eac03af9174
  depends:
  - __glibc >=2.17,<3.0.a0
  - _openmp_mutex >=4.5
  constrains:
  - libgomp 15.2.0 he0feb66_15
  - libgcc-ng ==15.2.0=*_15
  license: GPL-3.0-only WITH GCC-exception-3.1
  license_family: GPL
  size: 1041379
  timestamp: 1764836112865
- conda: https://conda.anaconda.org/conda-forge/linux-aarch64/libgcc-15.2.0-h8acb6b2_15.conda
  sha256: ff184dbe54493b663eab2d62fa0b5a689eb84bec6401fcaeb44265c7f31ae4c6
  md5: cfdf8700e69902a113f2611e3cc09b55
  depends:
  - _openmp_mutex >=4.5
  constrains:
  - libgcc-ng ==15.2.0=*_15
  - libgomp 15.2.0 h8acb6b2_15
  license: GPL-3.0-only WITH GCC-exception-3.1
  license_family: GPL
  size: 621200
  timestamp: 1764836146613
- conda: https://conda.anaconda.org/conda-forge/linux-ppc64le/libgcc-15.2.0-h80f490b_15.conda
  sha256: 685c36e3cbc48cd19a8baf1b34263ff6170a7ff9459057b920b9a2534fab5dbc
  md5: c41d1dd1228f0431c3b03150e78d4a0a
  depends:
  - _openmp_mutex >=4.5
  constrains:
  - libgcc-ng ==15.2.0=*_15
  - libgomp 15.2.0 h80f490b_15
  license: GPL-3.0-only WITH GCC-exception-3.1
  license_family: GPL
  size: 916936
  timestamp: 1764840713809
- conda: https://conda.anaconda.org/conda-forge/linux-64/libgcc-ng-15.2.0-h69a702a_15.conda
  sha256: 497d8cdba0da8fa154613d1c15f585674cadc194964ed1b4fe7c2809938dc41f
  md5: 7b742943660c5173bb6a5c823021c9a0
  depends:
  - libgcc 15.2.0 he0feb66_15
  license: GPL-3.0-only WITH GCC-exception-3.1
  license_family: GPL
  size: 26834
  timestamp: 1764836127111
- conda: https://conda.anaconda.org/conda-forge/linux-aarch64/libgcc-ng-15.2.0-he9431aa_15.conda
  sha256: 80e6135b5b0083ad6f0f00b8368d666fb148923fe2d3ab7d8cdca3eaf575eeff
  md5: ad92990dc6f608f412a01540a7c9510e
  depends:
  - libgcc 15.2.0 h8acb6b2_15
  license: GPL-3.0-only WITH GCC-exception-3.1
  license_family: GPL
  size: 26927
  timestamp: 1764836155568
- conda: https://conda.anaconda.org/conda-forge/linux-ppc64le/libgcc-ng-15.2.0-hfdc3801_15.conda
  sha256: 54c3fcc9ea5d3a834025aee28d3468982f764d9f7f398670813aaa9fa2dc7473
  md5: 73cd8a184fb83a85745c69d30b89a106
  depends:
  - libgcc 15.2.0 h80f490b_15
  license: GPL-3.0-only WITH GCC-exception-3.1
  license_family: GPL
  size: 26998
  timestamp: 1764840720475
- conda: https://conda.anaconda.org/conda-forge/linux-64/libgomp-15.2.0-he0feb66_15.conda
  sha256: b3c4e39be7aba6f5a8695d428362c5c918b96a281ce0a7037f1e889dfc340615
  md5: a90d6983da0757f4c09bb8fcfaf34e71
  depends:
  - __glibc >=2.17,<3.0.a0
  license: GPL-3.0-only WITH GCC-exception-3.1
  license_family: GPL
  size: 602978
  timestamp: 1764836011147
- conda: https://conda.anaconda.org/conda-forge/linux-aarch64/libgomp-15.2.0-h8acb6b2_15.conda
  sha256: d76cbb7e76af310828c74396a78c59a3b305431da25c9337e420bb441d2e8ca0
  md5: 0719da240fd6086c34c4c30080329806
  license: GPL-3.0-only WITH GCC-exception-3.1
  license_family: GPL
  size: 587301
  timestamp: 1764836050907
- conda: https://conda.anaconda.org/conda-forge/linux-ppc64le/libgomp-15.2.0-h80f490b_15.conda
  sha256: 288e4cf65df57e388fe55dcbac8e6fc66c3bea9cf5e75f90a3b30d40f8c8525f
  md5: 43225f49e7f58a17084b4a15b8838cd4
  license: GPL-3.0-only WITH GCC-exception-3.1
  license_family: GPL
  size: 639297
  timestamp: 1764840619530
- conda: https://conda.anaconda.org/conda-forge/osx-64/libiconv-1.18-h57a12c2_2.conda
  sha256: a1c8cecdf9966921e13f0ae921309a1f415dfbd2b791f2117cf7e8f5e61a48b6
  md5: 210a85a1119f97ea7887188d176db135
  depends:
  - __osx >=10.13
  license: LGPL-2.1-only
  size: 737846
  timestamp: 1754908900138
- conda: https://conda.anaconda.org/conda-forge/osx-arm64/libiconv-1.18-h23cfdf5_2.conda
  sha256: de0336e800b2af9a40bdd694b03870ac4a848161b35c8a2325704f123f185f03
  md5: 4d5a7445f0b25b6a3ddbb56e790f5251
  depends:
  - __osx >=11.0
  license: LGPL-2.1-only
  size: 750379
  timestamp: 1754909073836
- conda: https://conda.anaconda.org/conda-forge/osx-64/libintl-0.25.1-h3184127_1.conda
  sha256: 8c352744517bc62d24539d1ecc813b9fdc8a785c780197c5f0b84ec5b0dfe122
  md5: a8e54eefc65645193c46e8b180f62d22
  depends:
  - __osx >=10.13
  - libiconv >=1.18,<2.0a0
  license: LGPL-2.1-or-later
  size: 96909
  timestamp: 1753343977382
- conda: https://conda.anaconda.org/conda-forge/osx-arm64/libintl-0.25.1-h493aca8_0.conda
  sha256: 99d2cebcd8f84961b86784451b010f5f0a795ed1c08f1e7c76fbb3c22abf021a
  md5: 5103f6a6b210a3912faf8d7db516918c
  depends:
  - __osx >=11.0
  - libiconv >=1.18,<2.0a0
  license: LGPL-2.1-or-later
  size: 90957
  timestamp: 1751558394144
- conda: https://conda.anaconda.org/conda-forge/linux-64/libzlib-1.3.1-hb9d3cd8_2.conda
  sha256: d4bfe88d7cb447768e31650f06257995601f89076080e76df55e3112d4e47dc4
  md5: edb0dca6bc32e4f4789199455a1dbeb8
  depends:
  - __glibc >=2.17,<3.0.a0
  - libgcc >=13
  constrains:
  - zlib 1.3.1 *_2
  license: Zlib
  license_family: Other
  size: 60963
  timestamp: 1727963148474
- conda: https://conda.anaconda.org/conda-forge/linux-aarch64/libzlib-1.3.1-h86ecc28_2.conda
  sha256: 5a2c1eeef69342e88a98d1d95bff1603727ab1ff4ee0e421522acd8813439b84
  md5: 08aad7cbe9f5a6b460d0976076b6ae64
  depends:
  - libgcc >=13
  constrains:
  - zlib 1.3.1 *_2
  license: Zlib
  license_family: Other
  size: 66657
  timestamp: 1727963199518
- conda: https://conda.anaconda.org/conda-forge/linux-ppc64le/libzlib-1.3.1-h190368a_2.conda
  sha256: 05216f74566f6ede1161c99fc4fbbcc9ca9095069c81c937e6384582cefe49c9
  md5: 4ac019aac4dbff4728ef133b8ec3a913
  depends:
  - libgcc >=13
  constrains:
  - zlib 1.3.1 *_2
  license: Zlib
  license_family: Other
  size: 69388
  timestamp: 1727963207653
- conda: https://conda.anaconda.org/conda-forge/osx-64/libzlib-1.3.1-hd23fc13_2.conda
  sha256: 8412f96504fc5993a63edf1e211d042a1fd5b1d51dedec755d2058948fcced09
  md5: 003a54a4e32b02f7355b50a837e699da
  depends:
  - __osx >=10.13
  constrains:
  - zlib 1.3.1 *_2
  license: Zlib
  license_family: Other
  size: 57133
  timestamp: 1727963183990
- conda: https://conda.anaconda.org/conda-forge/osx-arm64/libzlib-1.3.1-h8359307_2.conda
  sha256: ce34669eadaba351cd54910743e6a2261b67009624dbc7daeeafdef93616711b
  md5: 369964e85dc26bfe78f41399b366c435
  depends:
  - __osx >=11.0
  constrains:
  - zlib 1.3.1 *_2
  license: Zlib
  license_family: Other
  size: 46438
  timestamp: 1727963202283
- conda: https://conda.anaconda.org/conda-forge/linux-64/pcre2-10.40-hc3806b6_0.tar.bz2
  sha256: 7a29ec847556eed4faa1646010baae371ced69059a4ade43851367a076d6108a
  md5: 69e2c796349cd9b273890bee0febfe1b
  depends:
  - bzip2 >=1.0.8,<2.0a0
  - libgcc-ng >=12
  - libzlib >=1.2.12,<2.0.0a0
  license: BSD-3-Clause
  license_family: BSD
  size: 2412495
  timestamp: 1665562915343
- conda: https://conda.anaconda.org/conda-forge/linux-64/pcre2-10.44-hc749103_2.conda
  sha256: 09717569649d89caafbf32f6cda1e65aef86e5a86c053d30e4ce77fca8d27b68
  md5: 31614c73d7b103ef76faa4d83d261d34
  depends:
  - __glibc >=2.17,<3.0.a0
  - bzip2 >=1.0.8,<2.0a0
  - libgcc >=13
  - libzlib >=1.3.1,<2.0a0
  license: BSD-3-Clause
  license_family: BSD
  size: 956207
  timestamp: 1745931215744
- conda: https://conda.anaconda.org/conda-forge/linux-64/pcre2-10.47-haa7fec5_0.conda
  sha256: 5e6f7d161356fefd981948bea5139c5aa0436767751a6930cb1ca801ebb113ff
  md5: 7a3bff861a6583f1889021facefc08b1
  depends:
  - __glibc >=2.17,<3.0.a0
  - bzip2 >=1.0.8,<2.0a0
  - libgcc >=14
  - libzlib >=1.3.1,<2.0a0
  license: BSD-3-Clause
  license_family: BSD
  size: 1222481
  timestamp: 1763655398280
- conda: https://conda.anaconda.org/conda-forge/linux-aarch64/pcre2-10.40-he7b27c6_0.tar.bz2
  sha256: 1c9967f4a1641801b9f976c264e6d3ad92ceb856d244d89e7b5ff3cd893e8751
  md5: 2bb3167087f621daefab01b6a2ddc7f9
  depends:
  - bzip2 >=1.0.8,<2.0a0
  - libgcc-ng >=12
  - libzlib >=1.2.12,<2.0.0a0
  license: BSD-3-Clause
  license_family: BSD
  size: 2379344
  timestamp: 1665562938782
- conda: https://conda.anaconda.org/conda-forge/linux-aarch64/pcre2-10.44-hf4ec17f_2.conda
  sha256: e8d397fd73295f6bb452e5c32f87ba6bb5689d2608d7679f1385c08b8696632d
  md5: ab9d0f9a3c9ce23e4fd2af4edc6fa245
  depends:
  - bzip2 >=1.0.8,<2.0a0
  - libgcc >=13
  - libzlib >=1.3.1,<2.0a0
  license: BSD-3-Clause
  license_family: BSD
  size: 900402
  timestamp: 1745931228644
- conda: https://conda.anaconda.org/conda-forge/linux-aarch64/pcre2-10.47-hf841c20_0.conda
  sha256: 04df2cee95feba440387f33f878e9f655521e69f4be33a0cd637f07d3d81f0f9
  md5: 1a30c42e32ca0ea216bd0bfe6f842f0b
  depends:
  - bzip2 >=1.0.8,<2.0a0
  - libgcc >=14
  - libzlib >=1.3.1,<2.0a0
  license: BSD-3-Clause
  license_family: BSD
  size: 1166552
  timestamp: 1763655534263
- conda: https://conda.anaconda.org/conda-forge/linux-ppc64le/pcre2-10.40-h02375f6_0.tar.bz2
  sha256: deacea2225a2d52e6456794ebad1725b3a547f005f3094cc49b6d258690f97e9
  md5: 6de35ef0e6e828d1b5e4c9c7677d12c7
  depends:
  - bzip2 >=1.0.8,<2.0a0
  - libgcc-ng >=12
  - libzlib >=1.2.12,<2.0.0a0
  license: BSD-3-Clause
  license_family: BSD
  size: 2674928
  timestamp: 1665563463775
- conda: https://conda.anaconda.org/conda-forge/linux-ppc64le/pcre2-10.44-had0de47_2.conda
  sha256: c50b6b16cc23a4c388a6d9c65d038b78aab4d32f5264e31ea1226dd38498a283
  md5: c8c2fab7cc1bc50b90720a5c1d05ad63
  depends:
  - bzip2 >=1.0.8,<2.0a0
  - libgcc >=13
  - libzlib >=1.3.1,<2.0a0
  license: BSD-3-Clause
  license_family: BSD
  size: 953811
  timestamp: 1745931358423
- conda: https://conda.anaconda.org/conda-forge/linux-ppc64le/pcre2-10.47-h25ffc0e_0.conda
  sha256: 48bdb0527bee8fe8a5e9dc1916cc39658248de6d8f5c059459dac860ccac2ac4
  md5: 865251b3f88fbc86db20221e6fc11d54
  depends:
  - bzip2 >=1.0.8,<2.0a0
  - libgcc >=14
  - libzlib >=1.3.1,<2.0a0
  license: BSD-3-Clause
  license_family: BSD
  size: 1242487
  timestamp: 1763655528132
- conda: https://conda.anaconda.org/conda-forge/osx-64/pcre2-10.40-h1c4e4bc_0.tar.bz2
  sha256: 60265b48c96decbea89a19a7bc34be88d9b95d4725fd4dbdae158529c601875a
  md5: e0f80c8f3a0352a54eddfe59cd2b25b1
  depends:
  - bzip2 >=1.0.8,<2.0a0
  - libzlib >=1.2.12,<2.0.0a0
  license: BSD-3-Clause
  license_family: BSD
  size: 2552113
  timestamp: 1665563254214
- conda: https://conda.anaconda.org/conda-forge/osx-64/pcre2-10.44-hf733adb_2.conda
  sha256: 93c625933bb47149e250b3c530c7305e7c1dd6c39d8358da8e3e04806545a26b
  md5: c6873588a8175130eb931e91e80416c2
  depends:
  - __osx >=10.13
  - bzip2 >=1.0.8,<2.0a0
  - libzlib >=1.3.1,<2.0a0
  license: BSD-3-Clause
  license_family: BSD
  size: 858688
  timestamp: 1745931314635
- conda: https://conda.anaconda.org/conda-forge/osx-64/pcre2-10.47-h13923f0_0.conda
  sha256: 8d64a9d36073346542e5ea042ef8207a45a0069a2e65ce3323ee3146db78134c
  md5: 08f970fb2b75f5be27678e077ebedd46
  depends:
  - __osx >=10.13
  - bzip2 >=1.0.8,<2.0a0
  - libzlib >=1.3.1,<2.0a0
  license: BSD-3-Clause
  license_family: BSD
  size: 1106584
  timestamp: 1763655837207
- conda: https://conda.anaconda.org/conda-forge/osx-arm64/pcre2-10.40-hb34f9b4_0.tar.bz2
  sha256: 93503b5e05470ccc87f696c0fdf0d47938e0305b5047eacb85c15d78dcf641fe
  md5: 721b7288270bafc83586b0f01c2a67f2
  depends:
  - bzip2 >=1.0.8,<2.0a0
  - libzlib >=1.2.12,<2.0.0a0
  license: BSD-3-Clause
  license_family: BSD
  size: 1161688
  timestamp: 1665563317371
- conda: https://conda.anaconda.org/conda-forge/osx-arm64/pcre2-10.44-ha881caa_2.conda
  sha256: 797411a2d748c11374b84329002f3c65db032cbf012b20d9b14dba9b6ac52d06
  md5: 1a3f7708de0b393e6665c9f7494b055e
  depends:
  - __osx >=11.0
  - bzip2 >=1.0.8,<2.0a0
  - libzlib >=1.3.1,<2.0a0
  license: BSD-3-Clause
  license_family: BSD
  size: 621564
  timestamp: 1745931340774
- conda: https://conda.anaconda.org/conda-forge/osx-arm64/pcre2-10.47-h30297fc_0.conda
  sha256: 5e2e443f796f2fd92adf7978286a525fb768c34e12b1ee9ded4000a41b2894ba
  md5: 9b4190c4055435ca3502070186eba53a
  depends:
  - __osx >=11.0
  - bzip2 >=1.0.8,<2.0a0
  - libzlib >=1.3.1,<2.0a0
  license: BSD-3-Clause
  license_family: BSD
  size: 850231
  timestamp: 1763655726735
