version: 6
environments:
  m4_1.4:
    channels:
    - url: https://conda.anaconda.org/conda-forge
    packages:
      linux-64:
      - conda: https://conda.anaconda.org/conda-forge/linux-64/_libgcc_mutex-0.1-conda_forge.tar.bz2
      - conda: https://conda.anaconda.org/conda-forge/linux-64/_openmp_mutex-4.5-2_gnu.tar.bz2
      - conda: https://conda.anaconda.org/conda-forge/linux-64/libgcc-15.2.0-he0feb66_15.conda
      - conda: https://conda.anaconda.org/conda-forge/linux-64/libgomp-15.2.0-he0feb66_15.conda
      - conda: https://conda.anaconda.org/conda-forge/linux-64/m4-1.4.20-hb9d3cd8_0.conda
      linux-aarch64:
      - conda: https://conda.anaconda.org/conda-forge/linux-aarch64/_openmp_mutex-4.5-2_gnu.tar.bz2
      - conda: https://conda.anaconda.org/conda-forge/linux-aarch64/libgcc-15.2.0-h8acb6b2_15.conda
      - conda: https://conda.anaconda.org/conda-forge/linux-aarch64/libgomp-15.2.0-h8acb6b2_15.conda
      - conda: https://conda.anaconda.org/conda-forge/linux-aarch64/m4-1.4.20-h86ecc28_0.conda
      linux-ppc64le:
      - conda: https://conda.anaconda.org/conda-forge/linux-ppc64le/_libgcc_mutex-0.1-conda_forge.tar.bz2
      - conda: https://conda.anaconda.org/conda-forge/linux-ppc64le/_openmp_mutex-4.5-2_gnu.tar.bz2
      - conda: https://conda.anaconda.org/conda-forge/linux-ppc64le/libgcc-15.2.0-h80f490b_15.conda
      - conda: https://conda.anaconda.org/conda-forge/linux-ppc64le/libgomp-15.2.0-h80f490b_15.conda
      - conda: https://conda.anaconda.org/conda-forge/linux-ppc64le/m4-1.4.20-h190368a_0.conda
      osx-64:
      - conda: https://conda.anaconda.org/conda-forge/osx-64/m4-1.4.20-h6e16a3a_0.conda
      osx-arm64:
      - conda: https://conda.anaconda.org/conda-forge/osx-arm64/m4-1.4.20-h5505292_0.conda
      win-64:
      - conda: https://conda.anaconda.org/conda-forge/noarch/m2-bash-5.2.037.2-hc364b38_6.conda
      - conda: https://conda.anaconda.org/conda-forge/win-64/m2-conda-epoch-20250515-0_x86_64.conda
      - conda: https://conda.anaconda.org/conda-forge/noarch/m2-filesystem-2025.02.23.1-hc364b38_10.conda
      - conda: https://conda.anaconda.org/conda-forge/noarch/m2-gcc-libs-13.3.0.1-hc364b38_6.conda
      - conda: https://conda.anaconda.org/conda-forge/noarch/m2-libiconv-1.18.1-hc364b38_6.conda
      - conda: https://conda.anaconda.org/conda-forge/noarch/m2-m4-1.4.19.2-hc364b38_6.conda
      - conda: https://conda.anaconda.org/conda-forge/noarch/m2-msys2-runtime-3.6.1.4-hc364b38_6.conda
packages:
- conda: https://conda.anaconda.org/conda-forge/linux-64/_libgcc_mutex-0.1-conda_forge.tar.bz2
  sha256: fe51de6107f9edc7aa4f786a70f4a883943bc9d39b3bb7307c04c41410990726
  md5: d7c89558ba9fa0495403155b64376d81
  license: None
  size: 2562
  timestamp: 1578324546067
- conda: https://conda.anaconda.org/conda-forge/linux-ppc64le/_libgcc_mutex-0.1-conda_forge.tar.bz2
  sha256: 5dd34b412e6274c0614d01a2f616844376ae873dfb8782c2c67d055779de6df6
  md5: e96f48755dc7c9f86c4aecf4cac40477
  license: None
  size: 2550
  timestamp: 1578324511581
- conda: https://conda.anaconda.org/conda-forge/linux-64/_openmp_mutex-4.5-2_gnu.tar.bz2
  build_number: 16
  sha256: fbe2c5e56a653bebb982eda4876a9178aedfc2b545f25d0ce9c4c0b508253d22
  md5: 73aaf86a425cc6e73fcf236a5a46396d
  depends:
  - _libgcc_mutex 0.1 conda_forge
  - libgomp >=7.5.0
  constrains:
  - openmp_impl 9999
  license: BSD-3-Clause
  license_family: BSD
  size: 23621
  timestamp: 1650670423406
- conda: https://conda.anaconda.org/conda-forge/linux-aarch64/_openmp_mutex-4.5-2_gnu.tar.bz2
  build_number: 16
  sha256: 3702bef2f0a4d38bd8288bbe54aace623602a1343c2cfbefd3fa188e015bebf0
  md5: 6168d71addc746e8f2b8d57dfd2edcea
  depends:
  - libgomp >=7.5.0
  constrains:
  - openmp_impl 9999
  license: BSD-3-Clause
  license_family: BSD
  size: 23712
  timestamp: 1650670790230
- conda: https://conda.anaconda.org/conda-forge/linux-ppc64le/_openmp_mutex-4.5-2_gnu.tar.bz2
  build_number: 16
  sha256: 4c89c2067cf5e7b0fbbdc3200c3f7affa5896e14812acf10f51575be87ae0c05
  md5: 3e41cbaba7e4988d15a24c4e85e6171b
  depends:
  - _libgcc_mutex 0.1 conda_forge
  - libgomp >=7.5.0
  constrains:
  - openmp_impl 9999
  license: BSD-3-Clause
  license_family: BSD
  size: 23710
  timestamp: 1650671119831
- conda: https://conda.anaconda.org/conda-forge/linux-64/libgcc-15.2.0-he0feb66_15.conda
  sha256: 37f2edde2f8281672987c63f13c85a57d04d889dc929ce38204426d5eb2059cc
  md5: a5d86b0496174a412d531eac03af9174
  depends:
  - __glibc >=2.17,<3.0.a0
  - _openmp_mutex >=4.5
  constrains:
  - libgomp 15.2.0 he0feb66_15
  - libgcc-ng ==15.2.0=*_15
  license: GPL-3.0-only WITH GCC-exception-3.1
  license_family: GPL
  size: 1041379
  timestamp: 1764836112865
- conda: https://conda.anaconda.org/conda-forge/linux-aarch64/libgcc-15.2.0-h8acb6b2_15.conda
  sha256: ff184dbe54493b663eab2d62fa0b5a689eb84bec6401fcaeb44265c7f31ae4c6
  md5: cfdf8700e69902a113f2611e3cc09b55
  depends:
  - _openmp_mutex >=4.5
  constrains:
  - libgcc-ng ==15.2.0=*_15
  - libgomp 15.2.0 h8acb6b2_15
  license: GPL-3.0-only WITH GCC-exception-3.1
  license_family: GPL
  size: 621200
  timestamp: 1764836146613
- conda: https://conda.anaconda.org/conda-forge/linux-ppc64le/libgcc-15.2.0-h80f490b_15.conda
  sha256: 685c36e3cbc48cd19a8baf1b34263ff6170a7ff9459057b920b9a2534fab5dbc
  md5: c41d1dd1228f0431c3b03150e78d4a0a
  depends:
  - _openmp_mutex >=4.5
  constrains:
  - libgcc-ng ==15.2.0=*_15
  - libgomp 15.2.0 h80f490b_15
  license: GPL-3.0-only WITH GCC-exception-3.1
  license_family: GPL
  size: 916936
  timestamp: 1764840713809
- conda: https://conda.anaconda.org/conda-forge/linux-64/libgomp-15.2.0-he0feb66_15.conda
  sha256: b3c4e39be7aba6f5a8695d428362c5c918b96a281ce0a7037f1e889dfc340615
  md5: a90d6983da0757f4c09bb8fcfaf34e71
  depends:
  - __glibc >=2.17,<3.0.a0
  license: GPL-3.0-only WITH GCC-exception-3.1
  license_family: GPL
  size: 602978
  timestamp: 1764836011147
- conda: https://conda.anaconda.org/conda-forge/linux-aarch64/libgomp-15.2.0-h8acb6b2_15.conda
  sha256: d76cbb7e76af310828c74396a78c59a3b305431da25c9337e420bb441d2e8ca0
  md5: 0719da240fd6086c34c4c30080329806
  license: GPL-3.0-only WITH GCC-exception-3.1
  license_family: GPL
  size: 587301
  timestamp: 1764836050907
- conda: https://conda.anaconda.org/conda-forge/linux-ppc64le/libgomp-15.2.0-h80f490b_15.conda
  sha256: 288e4cf65df57e388fe55dcbac8e6fc66c3bea9cf5e75f90a3b30d40f8c8525f
  md5: 43225f49e7f58a17084b4a15b8838cd4
  license: GPL-3.0-only WITH GCC-exception-3.1
  license_family: GPL
  size: 639297
  timestamp: 1764840619530
- conda: https://conda.anaconda.org/conda-forge/noarch/m2-bash-5.2.037.2-hc364b38_6.conda
  sha256: b2b243cd336e58d0c241bb9eb799e30713b8a40806b14d242fadd96804ff8cd6
  md5: 804c029d36d971e8de1e56016f8054a5
  depends:
  - m2-filesystem
  - m2-msys2-runtime
  - m2-conda-epoch ==20250515 *_x86_64
  license: GPL-3.0-or-later
  license_family: GPL
  size: 2710840
  timestamp: 1748281166709
- conda: https://conda.anaconda.org/conda-forge/win-64/m2-conda-epoch-20250515-0_x86_64.conda
  build_number: 0
  sha256: 51e9214548f177db9c3fe70424e3774c95bf19cd69e0e56e83abe2e393228ba1
  md5: 7d60fb16df2cd07fbc3dbff1c9df4244
  constrains:
  - msys2-conda-epoch <0.0a0
  license: BSD-3-Clause
  license_family: BSD
  size: 7539
  timestamp: 1747330852019
- conda: https://conda.anaconda.org/conda-forge/noarch/m2-filesystem-2025.02.23.1-hc364b38_10.conda
  sha256: 762dd93e1d21ce3d8e5350f167aaeb0c7109edb74b8d972bdb8dbc62b7677488
  md5: ddfb3ce6fae1278431bf949e15c90ca6
  depends:
  - m2-msys2-runtime
  - m2-conda-epoch ==20250515 *_x86_64
  license: BSD-3-Clause
  license_family: BSD
  size: 124912
  timestamp: 1757096404180
- conda: https://conda.anaconda.org/conda-forge/noarch/m2-gcc-libs-13.3.0.1-hc364b38_6.conda
  sha256: 9d86cd1a0953bfe103375513f6ad4f82ad6392c9a78e12f0d5dc332be10d0569
  md5: 5226906155606df581aa2d00b3ee3cbe
  depends:
  - m2-msys2-runtime
  - m2-conda-epoch ==20250515 *_x86_64
  license: GPL-3.0-or-later AND GPL-2.0-or-later AND LGPL-2.1-or-later AND LGPL-3.0-or-later WITH GCC-exception-3.1 AND GFDL-1.3-or-later
  size: 1137568
  timestamp: 1748281166721
- conda: https://conda.anaconda.org/conda-forge/noarch/m2-libiconv-1.18.1-hc364b38_6.conda
  sha256: 5eca3afbd2bf2e5253dac18b3880197f7084081571a1e92b20477fdec5a93757
  md5: 4492469742acad4b4d0b25eb84d3091f
  depends:
  - m2-gcc-libs
  - m2-msys2-runtime
  - m2-conda-epoch ==20250515 *_x86_64
  license: LGPL-3.0-or-later
  license_family: LGPL
  size: 804476
  timestamp: 1748281166730
- conda: https://conda.anaconda.org/conda-forge/noarch/m2-m4-1.4.19.2-hc364b38_6.conda
  sha256: a43295450fb6310615abc14f29442a38e335fc94bc8d04ae6d76d4bf62005219
  md5: 0d6c5f103cb93b9e26217780a56a4d3f
  depends:
  - m2-bash
  - m2-gcc-libs
  - m2-libiconv
  - m2-msys2-runtime
  - m2-conda-epoch ==20250515 *_x86_64
  license: GPL-3.0-or-later
  license_family: GPL
  size: 285034
  timestamp: 1748281166730
- conda: https://conda.anaconda.org/conda-forge/noarch/m2-msys2-runtime-3.6.1.4-hc364b38_6.conda
  sha256: 1f797d055ad856def2399d5c1c21d7a479fa68159ce5448f07b7c6cf4b9641d7
  md5: fb7de65144b11c4c7284a00e3170c797
  depends:
  - m2-conda-epoch ==20250515 *_x86_64
  license: GPL-3.0-or-later
  license_family: GPL
  size: 2156552
  timestamp: 1748281166706
- conda: https://conda.anaconda.org/conda-forge/linux-64/m4-1.4.20-hb9d3cd8_0.conda
  sha256: c3d51ea1f8a52a92d49e57fa94c6bd434de2f18f80ebecbc0c47254110d92e51
  md5: d6798f502ec48cf0d626ad5a5d722a89
  depends:
  - __glibc >=2.17,<3.0.a0
  - libgcc >=13
  license: GPL-3.0-or-later
  license_family: GPL
  size: 286245
  timestamp: 1747307567001
- conda: https://conda.anaconda.org/conda-forge/linux-aarch64/m4-1.4.20-h86ecc28_0.conda
  sha256: d6765f764e4113d87352a1706b0232f1d9c1f85865975bdec09023d681852506
  md5: efda613954f08cb2327b5b90852ebefd
  depends:
  - libgcc >=13
  license: GPL-3.0-or-later
  license_family: GPL
  size: 349747
  timestamp: 1747307562651
- conda: https://conda.anaconda.org/conda-forge/linux-ppc64le/m4-1.4.20-h190368a_0.conda
  sha256: 89816477a6b0989e0c1c8bfd73f2f6cc879df473630a1c88abf5af9303ae0ae8
  md5: c0b57ec142f4bb2bb36bd179321995fd
  depends:
  - libgcc >=13
  license: GPL-3.0-or-later
  license_family: GPL
  size: 369688
  timestamp: 1747307473813
- conda: https://conda.anaconda.org/conda-forge/osx-64/m4-1.4.20-h6e16a3a_0.conda
  sha256: 36507c1f183c535ae898fc7f6d3b7d159f25cb2cdf511bfc227f70b662c86e64
  md5: 5b5e2277a0d4bb0bb4560ccbc8d4ee56
  depends:
  - __osx >=10.13
  license: GPL-3.0-or-later
  license_family: GPL
  size: 247406
  timestamp: 1747307911805
- conda: https://conda.anaconda.org/conda-forge/osx-arm64/m4-1.4.20-h5505292_0.conda
  sha256: fc0c66a368eb6f229a9e658186b44b43d1078cb9293dba3914a64541da37092a
  md5: 4b57dac66db7018569818428b9754153
  depends:
  - __osx >=11.0
  license: GPL-3.0-or-later
  license_family: GPL
  size: 233690
  timestamp: 1747307644910
