version: 6
environments:
  make_4.2:
    channels:
    - url: https://conda.anaconda.org/conda-forge
    packages:
      linux-64:
      - conda: https://conda.anaconda.org/conda-forge/linux-64/_libgcc_mutex-0.1-conda_forge.tar.bz2
      - conda: https://conda.anaconda.org/conda-forge/linux-64/_openmp_mutex-4.5-2_gnu.tar.bz2
      - conda: https://conda.anaconda.org/conda-forge/linux-64/libgcc-15.2.0-he0feb66_15.conda
      - conda: https://conda.anaconda.org/conda-forge/linux-64/libgcc-ng-15.2.0-h69a702a_15.conda
      - conda: https://conda.anaconda.org/conda-forge/linux-64/libgomp-15.2.0-he0feb66_15.conda
      - conda: https://conda.anaconda.org/conda-forge/linux-64/make-4.2.1-h14c3975_2004.tar.bz2
      linux-aarch64:
      - conda: https://conda.anaconda.org/conda-forge/linux-aarch64/_openmp_mutex-4.5-2_gnu.tar.bz2
      - conda: https://conda.anaconda.org/conda-forge/linux-aarch64/libgcc-15.2.0-h8acb6b2_15.conda
      - conda: https://conda.anaconda.org/conda-forge/linux-aarch64/libgcc-ng-15.2.0-he9431aa_15.conda
      - conda: https://conda.anaconda.org/conda-forge/linux-aarch64/libgomp-15.2.0-h8acb6b2_15.conda
      - conda: https://conda.anaconda.org/conda-forge/linux-aarch64/make-4.2.1-h14c3975_2004.tar.bz2
      linux-ppc64le:
      - conda: https://conda.anaconda.org/conda-forge/linux-ppc64le/_libgcc_mutex-0.1-conda_forge.tar.bz2
      - conda: https://conda.anaconda.org/conda-forge/linux-ppc64le/_openmp_mutex-4.5-2_gnu.tar.bz2
      - conda: https://conda.anaconda.org/conda-forge/linux-ppc64le/libgcc-15.2.0-h80f490b_15.conda
      - conda: https://conda.anaconda.org/conda-forge/linux-ppc64le/libgcc-ng-15.2.0-hfdc3801_15.conda
      - conda: https://conda.anaconda.org/conda-forge/linux-ppc64le/libgomp-15.2.0-h80f490b_15.conda
      - conda: https://conda.anaconda.org/conda-forge/linux-ppc64le/make-4.2.1-h14c3975_2004.tar.bz2
      osx-64:
      - conda: https://conda.anaconda.org/conda-forge/osx-64/make-4.2.1-h1de35cc_2004.tar.bz2
      win-64:
      - conda: https://conda.anaconda.org/conda-forge/win-64/m2w64-gcc-libgfortran-5.3.0-6.tar.bz2
      - conda: https://conda.anaconda.org/conda-forge/win-64/m2w64-gcc-libs-5.3.0-7.tar.bz2
      - conda: https://conda.anaconda.org/conda-forge/win-64/m2w64-gcc-libs-core-5.3.0-7.tar.bz2
      - conda: https://conda.anaconda.org/conda-forge/win-64/m2w64-gmp-6.1.0-2.tar.bz2
      - conda: https://conda.anaconda.org/conda-forge/win-64/m2w64-libwinpthread-git-5.0.0.4634.697f757-2.tar.bz2
      - conda: https://conda.anaconda.org/conda-forge/win-64/make-4.2.1-h301d43c_2004.tar.bz2
      - conda: https://conda.anaconda.org/conda-forge/win-64/msys2-conda-epoch-20160418-1.tar.bz2
  make_4.3:
    channels:
    - url: https://conda.anaconda.org/conda-forge
    packages:
      linux-64:
      - conda: https://conda.anaconda.org/conda-forge/linux-64/_libgcc_mutex-0.1-conda_forge.tar.bz2
      - conda: https://conda.anaconda.org/conda-forge/linux-64/_openmp_mutex-4.5-2_gnu.tar.bz2
      - conda: https://conda.anaconda.org/conda-forge/linux-64/libgcc-15.2.0-he0feb66_15.conda
      - conda: https://conda.anaconda.org/conda-forge/linux-64/libgcc-ng-15.2.0-h69a702a_15.conda
      - conda: https://conda.anaconda.org/conda-forge/linux-64/libgomp-15.2.0-he0feb66_15.conda
      - conda: https://conda.anaconda.org/conda-forge/linux-64/make-4.3-hd18ef5c_1.tar.bz2
      linux-aarch64:
      - conda: https://conda.anaconda.org/conda-forge/linux-aarch64/_openmp_mutex-4.5-2_gnu.tar.bz2
      - conda: https://conda.anaconda.org/conda-forge/linux-aarch64/libgcc-15.2.0-h8acb6b2_15.conda
      - conda: https://conda.anaconda.org/conda-forge/linux-aarch64/libgcc-ng-15.2.0-he9431aa_15.conda
      - conda: https://conda.anaconda.org/conda-forge/linux-aarch64/libgomp-15.2.0-h8acb6b2_15.conda
      - conda: https://conda.anaconda.org/conda-forge/linux-aarch64/make-4.3-h309ac5b_1.tar.bz2
      linux-ppc64le:
      - conda: https://conda.anaconda.org/conda-forge/linux-ppc64le/_libgcc_mutex-0.1-conda_forge.tar.bz2
      - conda: https://conda.anaconda.org/conda-forge/linux-ppc64le/_openmp_mutex-4.5-2_gnu.tar.bz2
      - conda: https://conda.anaconda.org/conda-forge/linux-ppc64le/libgcc-15.2.0-h80f490b_15.conda
      - conda: https://conda.anaconda.org/conda-forge/linux-ppc64le/libgcc-ng-15.2.0-hfdc3801_15.conda
      - conda: https://conda.anaconda.org/conda-forge/linux-ppc64le/libgomp-15.2.0-h80f490b_15.conda
      - conda: https://conda.anaconda.org/conda-forge/linux-ppc64le/make-4.3-hf817498_1.tar.bz2
      osx-64:
      - conda: https://conda.anaconda.org/conda-forge/osx-64/make-4.3-h22f3db7_1.tar.bz2
      osx-arm64:
      - conda: https://conda.anaconda.org/conda-forge/osx-arm64/make-4.3-he57ea6c_1.tar.bz2
      win-64:
      - conda: https://conda.anaconda.org/conda-forge/win-64/m2w64-gcc-libgfortran-5.3.0-6.tar.bz2
      - conda: https://conda.anaconda.org/conda-forge/win-64/m2w64-gcc-libs-5.3.0-7.tar.bz2
      - conda: https://conda.anaconda.org/conda-forge/win-64/m2w64-gcc-libs-core-5.3.0-7.tar.bz2
      - conda: https://conda.anaconda.org/conda-forge/win-64/m2w64-gmp-6.1.0-2.tar.bz2
      - conda: https://conda.anaconda.org/conda-forge/win-64/m2w64-libwinpthread-git-5.0.0.4634.697f757-2.tar.bz2
      - conda: https://conda.anaconda.org/conda-forge/win-64/make-4.3-h3d2af85_1.tar.bz2
      - conda: https://conda.anaconda.org/conda-forge/win-64/msys2-conda-epoch-20160418-1.tar.bz2
  make_4.4:
    channels:
    - url: https://conda.anaconda.org/conda-forge
    packages:
      linux-64:
      - conda: https://conda.anaconda.org/conda-forge/linux-64/_libgcc_mutex-0.1-conda_forge.tar.bz2
      - conda: https://conda.anaconda.org/conda-forge/linux-64/_openmp_mutex-4.5-2_gnu.tar.bz2
      - conda: https://conda.anaconda.org/conda-forge/linux-64/libgcc-15.2.0-he0feb66_15.conda
      - conda: https://conda.anaconda.org/conda-forge/linux-64/libgomp-15.2.0-he0feb66_15.conda
      - conda: https://conda.anaconda.org/conda-forge/linux-64/make-4.4.1-hb9d3cd8_2.conda
      linux-aarch64:
      - conda: https://conda.anaconda.org/conda-forge/linux-aarch64/_openmp_mutex-4.5-2_gnu.tar.bz2
      - conda: https://conda.anaconda.org/conda-forge/linux-aarch64/libgcc-15.2.0-h8acb6b2_15.conda
      - conda: https://conda.anaconda.org/conda-forge/linux-aarch64/libgomp-15.2.0-h8acb6b2_15.conda
      - conda: https://conda.anaconda.org/conda-forge/linux-aarch64/make-4.4.1-h2a6d0cb_2.conda
      linux-ppc64le:
      - conda: https://conda.anaconda.org/conda-forge/linux-ppc64le/_libgcc_mutex-0.1-conda_forge.tar.bz2
      - conda: https://conda.anaconda.org/conda-forge/linux-ppc64le/_openmp_mutex-4.5-2_gnu.tar.bz2
      - conda: https://conda.anaconda.org/conda-forge/linux-ppc64le/libgcc-15.2.0-h80f490b_15.conda
      - conda: https://conda.anaconda.org/conda-forge/linux-ppc64le/libgomp-15.2.0-h80f490b_15.conda
      - conda: https://conda.anaconda.org/conda-forge/linux-ppc64le/make-4.4.1-h3d690f4_2.conda
      osx-64:
      - conda: https://conda.anaconda.org/conda-forge/osx-64/make-4.4.1-h00291cd_2.conda
      osx-arm64:
      - conda: https://conda.anaconda.org/conda-forge/osx-arm64/make-4.4.1-hc9fafa5_2.conda
      win-64:
      - conda: https://conda.anaconda.org/conda-forge/win-64/_openmp_mutex-4.5-2_gnu.conda
      - conda: https://conda.anaconda.org/conda-forge/win-64/libgcc-15.2.0-h8ee18e1_15.conda
      - conda: https://conda.anaconda.org/conda-forge/win-64/libgomp-15.2.0-h8ee18e1_15.conda
      - conda: https://conda.anaconda.org/conda-forge/win-64/libwinpthread-12.0.0.r4.gg4f2fc60ca-h57928b3_10.conda
      - conda: https://conda.anaconda.org/conda-forge/win-64/make-4.4.1-h0e40799_2.conda
      - conda: https://conda.anaconda.org/conda-forge/win-64/ucrt-10.0.26100.0-h57928b3_0.conda
packages:
- conda: https://conda.anaconda.org/conda-forge/linux-64/_libgcc_mutex-0.1-conda_forge.tar.bz2
  sha256: fe51de6107f9edc7aa4f786a70f4a883943bc9d39b3bb7307c04c41410990726
  md5: d7c89558ba9fa0495403155b64376d81
  license: None
  size: 2562
  timestamp: 1578324546067
- conda: https://conda.anaconda.org/conda-forge/linux-ppc64le/_libgcc_mutex-0.1-conda_forge.tar.bz2
  sha256: 5dd34b412e6274c0614d01a2f616844376ae873dfb8782c2c67d055779de6df6
  md5: e96f48755dc7c9f86c4aecf4cac40477
  license: None
  size: 2550
  timestamp: 1578324511581
- conda: https://conda.anaconda.org/conda-forge/linux-64/_openmp_mutex-4.5-2_gnu.tar.bz2
  build_number: 16
  sha256: fbe2c5e56a653bebb982eda4876a9178aedfc2b545f25d0ce9c4c0b508253d22
  md5: 73aaf86a425cc6e73fcf236a5a46396d
  depends:
  - _libgcc_mutex 0.1 conda_forge
  - libgomp >=7.5.0
  constrains:
  - openmp_impl 9999
  license: BSD-3-Clause
  license_family: BSD
  size: 23621
  timestamp: 1650670423406
- conda: https://conda.anaconda.org/conda-forge/linux-aarch64/_openmp_mutex-4.5-2_gnu.tar.bz2
  build_number: 16
  sha256: 3702bef2f0a4d38bd8288bbe54aace623602a1343c2cfbefd3fa188e015bebf0
  md5: 6168d71addc746e8f2b8d57dfd2edcea
  depends:
  - libgomp >=7.5.0
  constrains:
  - openmp_impl 9999
  license: BSD-3-Clause
  license_family: BSD
  size: 23712
  timestamp: 1650670790230
- conda: https://conda.anaconda.org/conda-forge/linux-ppc64le/_openmp_mutex-4.5-2_gnu.tar.bz2
  build_number: 16
  sha256: 4c89c2067cf5e7b0fbbdc3200c3f7affa5896e14812acf10f51575be87ae0c05
  md5: 3e41cbaba7e4988d15a24c4e85e6171b
  depends:
  - _libgcc_mutex 0.1 conda_forge
  - libgomp >=7.5.0
  constrains:
  - openmp_impl 9999
  license: BSD-3-Clause
  license_family: BSD
  size: 23710
  timestamp: 1650671119831
- conda: https://conda.anaconda.org/conda-forge/win-64/_openmp_mutex-4.5-2_gnu.conda
  build_number: 8
  sha256: 1a62cd1f215fe0902e7004089693a78347a30ad687781dfda2289cab000e652d
  md5: 37e16618af5c4851a3f3d66dd0e11141
  depends:
  - libgomp >=7.5.0
  - libwinpthread >=12.0.0.r2.ggc561118da
  constrains:
  - openmp_impl 9999
  - msys2-conda-epoch <0.0a0
  license: BSD-3-Clause
  license_family: BSD
  size: 49468
  timestamp: 1718213032772
- conda: https://conda.anaconda.org/conda-forge/linux-64/libgcc-15.2.0-he0feb66_15.conda
  sha256: 37f2edde2f8281672987c63f13c85a57d04d889dc929ce38204426d5eb2059cc
  md5: a5d86b0496174a412d531eac03af9174
  depends:
  - __glibc >=2.17,<3.0.a0
  - _openmp_mutex >=4.5
  constrains:
  - libgomp 15.2.0 he0feb66_15
  - libgcc-ng ==15.2.0=*_15
  license: GPL-3.0-only WITH GCC-exception-3.1
  license_family: GPL
  size: 1041379
  timestamp: 1764836112865
- conda: https://conda.anaconda.org/conda-forge/linux-aarch64/libgcc-15.2.0-h8acb6b2_15.conda
  sha256: ff184dbe54493b663eab2d62fa0b5a689eb84bec6401fcaeb44265c7f31ae4c6
  md5: cfdf8700e69902a113f2611e3cc09b55
  depends:
  - _openmp_mutex >=4.5
  constrains:
  - libgcc-ng ==15.2.0=*_15
  - libgomp 15.2.0 h8acb6b2_15
  license: GPL-3.0-only WITH GCC-exception-3.1
  license_family: GPL
  size: 621200
  timestamp: 1764836146613
- conda: https://conda.anaconda.org/conda-forge/linux-ppc64le/libgcc-15.2.0-h80f490b_15.conda
  sha256: 685c36e3cbc48cd19a8baf1b34263ff6170a7ff9459057b920b9a2534fab5dbc
  md5: c41d1dd1228f0431c3b03150e78d4a0a
  depends:
  - _openmp_mutex >=4.5
  constrains:
  - libgcc-ng ==15.2.0=*_15
  - libgomp 15.2.0 h80f490b_15
  license: GPL-3.0-only WITH GCC-exception-3.1
  license_family: GPL
  size: 916936
  timestamp: 1764840713809
- conda: https://conda.anaconda.org/conda-forge/win-64/libgcc-15.2.0-h8ee18e1_15.conda
  sha256: 4488ea36bdef6e6ad088aff604316cfd779723a514b6f7b7fc9d55dbdd255b63
  md5: e05ab7ace69b10ae32f8a710a5971f4f
  depends:
  - _openmp_mutex >=4.5
  - libwinpthread >=12.0.0.r4.gg4f2fc60ca
  constrains:
  - libgcc-ng ==15.2.0=*_15
  - msys2-conda-epoch <0.0a0
  - libgomp 15.2.0 h8ee18e1_15
  license: GPL-3.0-only WITH GCC-exception-3.1
  license_family: GPL
  size: 819575
  timestamp: 1764840888141
- conda: https://conda.anaconda.org/conda-forge/linux-64/libgcc-ng-15.2.0-h69a702a_15.conda
  sha256: 497d8cdba0da8fa154613d1c15f585674cadc194964ed1b4fe7c2809938dc41f
  md5: 7b742943660c5173bb6a5c823021c9a0
  depends:
  - libgcc 15.2.0 he0feb66_15
  license: GPL-3.0-only WITH GCC-exception-3.1
  license_family: GPL
  size: 26834
  timestamp: 1764836127111
- conda: https://conda.anaconda.org/conda-forge/linux-aarch64/libgcc-ng-15.2.0-he9431aa_15.conda
  sha256: 80e6135b5b0083ad6f0f00b8368d666fb148923fe2d3ab7d8cdca3eaf575eeff
  md5: ad92990dc6f608f412a01540a7c9510e
  depends:
  - libgcc 15.2.0 h8acb6b2_15
  license: GPL-3.0-only WITH GCC-exception-3.1
  license_family: GPL
  size: 26927
  timestamp: 1764836155568
- conda: https://conda.anaconda.org/conda-forge/linux-ppc64le/libgcc-ng-15.2.0-hfdc3801_15.conda
  sha256: 54c3fcc9ea5d3a834025aee28d3468982f764d9f7f398670813aaa9fa2dc7473
  md5: 73cd8a184fb83a85745c69d30b89a106
  depends:
  - libgcc 15.2.0 h80f490b_15
  license: GPL-3.0-only WITH GCC-exception-3.1
  license_family: GPL
  size: 26998
  timestamp: 1764840720475
- conda: https://conda.anaconda.org/conda-forge/linux-64/libgomp-15.2.0-he0feb66_15.conda
  sha256: b3c4e39be7aba6f5a8695d428362c5c918b96a281ce0a7037f1e889dfc340615
  md5: a90d6983da0757f4c09bb8fcfaf34e71
  depends:
  - __glibc >=2.17,<3.0.a0
  license: GPL-3.0-only WITH GCC-exception-3.1
  license_family: GPL
  size: 602978
  timestamp: 1764836011147
- conda: https://conda.anaconda.org/conda-forge/linux-aarch64/libgomp-15.2.0-h8acb6b2_15.conda
  sha256: d76cbb7e76af310828c74396a78c59a3b305431da25c9337e420bb441d2e8ca0
  md5: 0719da240fd6086c34c4c30080329806
  license: GPL-3.0-only WITH GCC-exception-3.1
  license_family: GPL
  size: 587301
  timestamp: 1764836050907
- conda: https://conda.anaconda.org/conda-forge/linux-ppc64le/libgomp-15.2.0-h80f490b_15.conda
  sha256: 288e4cf65df57e388fe55dcbac8e6fc66c3bea9cf5e75f90a3b30d40f8c8525f
  md5: 43225f49e7f58a17084b4a15b8838cd4
  license: GPL-3.0-only WITH GCC-exception-3.1
  license_family: GPL
  size: 639297
  timestamp: 1764840619530
- conda: https://conda.anaconda.org/conda-forge/win-64/libgomp-15.2.0-h8ee18e1_15.conda
  sha256: 54689a6061ef03e381591069bd6bd4ce1d1e3a0a91807252aa31adf24a81ed8c
  md5: 18713a6d90ce576053ac3ce9f792fe14
  depends:
  - libwinpthread >=12.0.0.r4.gg4f2fc60ca
  constrains:
  - msys2-conda-epoch <0.0a0
  license: GPL-3.0-only WITH GCC-exception-3.1
  license_family: GPL
  size: 663321
  timestamp: 1764840809009
- conda: https://conda.anaconda.org/conda-forge/win-64/libwinpthread-12.0.0.r4.gg4f2fc60ca-h57928b3_10.conda
  sha256: 0fccf2d17026255b6e10ace1f191d0a2a18f2d65088fd02430be17c701f8ffe0
  md5: 8a86073cf3b343b87d03f41790d8b4e5
  depends:
  - ucrt
  constrains:
  - pthreads-win32 <0.0a0
  - msys2-conda-epoch <0.0a0
  license: MIT AND BSD-3-Clause-Clear
  size: 36621
  timestamp: 1759768399557
- conda: https://conda.anaconda.org/conda-forge/win-64/m2w64-gcc-libgfortran-5.3.0-6.tar.bz2
  sha256: 9de95a7996d5366ae0808eef2acbc63f9b11b874aa42375f55379e6715845dc6
  md5: 066552ac6b907ec6d72c0ddab29050dc
  depends:
  - m2w64-gcc-libs-core
  - msys2-conda-epoch ==20160418
  license: GPL, LGPL, FDL, custom
  size: 350687
  timestamp: 1608163451316
- conda: https://conda.anaconda.org/conda-forge/win-64/m2w64-gcc-libs-5.3.0-7.tar.bz2
  sha256: 3bd1ab02b7c89a5b153a17be03b36d833f1517ff2a6a77ead7c4a808b88196aa
  md5: fe759119b8b3bfa720b8762c6fdc35de
  depends:
  - m2w64-gcc-libgfortran
  - m2w64-gcc-libs-core
  - m2w64-gmp
  - m2w64-libwinpthread-git
  - msys2-conda-epoch ==20160418
  license: GPL3+, partial:GCCRLE, partial:LGPL2+
  size: 532390
  timestamp: 1608163512830
- conda: https://conda.anaconda.org/conda-forge/win-64/m2w64-gcc-libs-core-5.3.0-7.tar.bz2
  sha256: 58afdfe859ed2e9a9b1cc06bc408720cb2c3a6a132e59d4805b090d7574f4ee0
  md5: 4289d80fb4d272f1f3b56cfe87ac90bd
  depends:
  - m2w64-gmp
  - m2w64-libwinpthread-git
  - msys2-conda-epoch ==20160418
  license: GPL3+, partial:GCCRLE, partial:LGPL2+
  size: 219240
  timestamp: 1608163481341
- conda: https://conda.anaconda.org/conda-forge/win-64/m2w64-gmp-6.1.0-2.tar.bz2
  sha256: 7e3cd95f554660de45f8323fca359e904e8d203efaf07a4d311e46d611481ed1
  md5: 53a1c73e1e3d185516d7e3af177596d9
  depends:
  - msys2-conda-epoch ==20160418
  license: LGPL3
  size: 743501
  timestamp: 1608163782057
- conda: https://conda.anaconda.org/conda-forge/win-64/m2w64-libwinpthread-git-5.0.0.4634.697f757-2.tar.bz2
  sha256: f63a09b2cae7defae0480f1740015d6235f1861afa6fe2e2d3e10bd0d1314ee0
  md5: 774130a326dee16f1ceb05cc687ee4f0
  depends:
  - msys2-conda-epoch ==20160418
  license: MIT, BSD
  size: 31928
  timestamp: 1608166099896
- conda: https://conda.anaconda.org/conda-forge/linux-64/make-4.2.1-h14c3975_2004.tar.bz2
  sha256: 1e29c4ea36409b66719cfce3dd9bb1e6a5b366731a0beffaaa77928e514d54fc
  md5: 17a8703794c6960bc79e9966c1e113ab
  depends:
  - libgcc-ng >=7.3.0
  license: GPLv3
  size: 469348
  timestamp: 1547490773173
- conda: https://conda.anaconda.org/conda-forge/linux-64/make-4.3-hd18ef5c_1.tar.bz2
  sha256: 4a5fe7c80bb0de0015328e2d3fc8db1736f528cb1fd53cd0d5527e24269a4f7c
  md5: 4049ebfd3190b580dffe76daed26155a
  depends:
  - libgcc-ng >=7.5.0
  license: GPL-3.0-or-later
  license_family: GPL
  size: 518896
  timestamp: 1602706451788
- conda: https://conda.anaconda.org/conda-forge/linux-64/make-4.4.1-hb9d3cd8_2.conda
  sha256: d652c7bd4d3b6f82b0f6d063b0d8df6f54cc47531092d7ff008e780f3261bdda
  md5: 33405d2a66b1411db9f7242c8b97c9e7
  depends:
  - __glibc >=2.17,<3.0.a0
  - libgcc >=13
  license: GPL-3.0-or-later
  license_family: GPL
  size: 513088
  timestamp: 1727801714848
- conda: https://conda.anaconda.org/conda-forge/linux-aarch64/make-4.2.1-h14c3975_2004.tar.bz2
  sha256: 7f9667043e890e3f79ec69371f64b1475179d3dc8e9e052491a4180220695aa6
  md5: 019cdc8fb0711e95da3541cffcfadde0
  depends:
  - libgcc-ng >=7.3.0
  license: GPLv3
  size: 446918
  timestamp: 1549081645171
- conda: https://conda.anaconda.org/conda-forge/linux-aarch64/make-4.3-h309ac5b_1.tar.bz2
  sha256: 771e7a32a555693a0d53d3f682ed9dc1139abe99937cba55b16400ae8b8a92d4
  md5: 0f876fc705b573cf9972bcbeb93864d9
  depends:
  - libgcc-ng >=7.5.0
  license: GPL-3.0-or-later
  license_family: GPL
  size: 497104
  timestamp: 1602706670853
- conda: https://conda.anaconda.org/conda-forge/linux-aarch64/make-4.4.1-h2a6d0cb_2.conda
  sha256: d243aea768e6fa360b7eda598340f43d2a41c9fc169d9f97f505410be68815f8
  md5: 5983ffb12d09efc45c4a3b74cd890137
  depends:
  - libgcc >=13
  license: GPL-3.0-or-later
  license_family: GPL
  size: 528318
  timestamp: 1727801707353
- conda: https://conda.anaconda.org/conda-forge/linux-ppc64le/make-4.2.1-h14c3975_2004.tar.bz2
  sha256: 98591b3da1f49bee501eef4389b4ec4b8f37988d358b534cc5aec12a0dfc7c16
  md5: 28df6da831e68c044670477954a0cf55
  depends:
  - libgcc-ng >=8.2.0
  license: GPLv3
  size: 475349
  timestamp: 1549081982034
- conda: https://conda.anaconda.org/conda-forge/linux-ppc64le/make-4.3-hf817498_1.tar.bz2
  sha256: 058f0ecff40ab4573bcfddf570580f5240d83265bc3428726ff0e6c968876a79
  md5: c7731ba825b338834e1a04d42ad25d86
  depends:
  - libgcc-ng >=8.4.0
  license: GPL-3.0-or-later
  license_family: GPL
  size: 528947
  timestamp: 1602706418711
- conda: https://conda.anaconda.org/conda-forge/linux-ppc64le/make-4.4.1-h3d690f4_2.conda
  sha256: cb4c15b2dbbd2418965a5e9a3bc87add1f7088f5c0027fd8dc5f8443ed5ba4f4
  md5: b5d977048ee7a69d485063d3012ba82e
  depends:
  - libgcc >=13
  license: GPL-3.0-or-later
  license_family: GPL
  size: 544800
  timestamp: 1727801763630
- conda: https://conda.anaconda.org/conda-forge/osx-64/make-4.2.1-h1de35cc_2004.tar.bz2
  sha256: 0166fbe3659f818dcab07646a53150e6704dedfa1e5b569cba4b3622c52068cd
  md5: 5194300e18b4e879983d3444e370fe7a
  license: GPLv3
  size: 249122
  timestamp: 1547490756116
- conda: https://conda.anaconda.org/conda-forge/osx-64/make-4.3-h22f3db7_1.tar.bz2
  sha256: adef15126b518548b69ecaef24e22f88fa0a6358bd3c11e791af214f7344983b
  md5: ac4a1dd58e6d821c518ae0011e8592b7
  license: GPL-3.0-or-later
  license_family: GPL
  size: 255465
  timestamp: 1602706542653
- conda: https://conda.anaconda.org/conda-forge/osx-64/make-4.4.1-h00291cd_2.conda
  sha256: 5a5ab3ee828309185e0a76ca80f5da85f31d8480d923abb508ca00fe194d1b5a
  md5: 59b4ad97bbb36ef5315500d5bde4bcfc
  depends:
  - __osx >=10.13
  license: GPL-3.0-or-later
  license_family: GPL
  size: 278910
  timestamp: 1727801765025
- conda: https://conda.anaconda.org/conda-forge/osx-arm64/make-4.3-he57ea6c_1.tar.bz2
  sha256: a011e3e1c4caec821eb4213d0a0154d39e5f81a44d2e8bafe6f84e7840c3909e
  md5: 1939d04ef89e38fde652ee8c669e092f
  license: GPL-3.0-or-later
  license_family: GPL
  size: 253227
  timestamp: 1602706492919
- conda: https://conda.anaconda.org/conda-forge/osx-arm64/make-4.4.1-hc9fafa5_2.conda
  sha256: 90ca65e788406d9029ae23ad4bd944a8b5353ad5f59bd6ce326f980cde46f37e
  md5: 9f44ef1fea0a25d6a3491c58f3af8460
  depends:
  - __osx >=11.0
  license: GPL-3.0-or-later
  license_family: GPL
  size: 274048
  timestamp: 1727801725384
- conda: https://conda.anaconda.org/conda-forge/win-64/make-4.2.1-h301d43c_2004.tar.bz2
  sha256: 1677908c16e3ff19308319e1210171cb5d7404189c65c7568e87f6de5c54f390
  md5: db08cf508732cae516c8e3ab9a74ba39
  depends:
  - m2w64-gcc-libs
  license: GPLv3
  size: 5816975
  timestamp: 1547487747110
- conda: https://conda.anaconda.org/conda-forge/win-64/make-4.3-h3d2af85_1.tar.bz2
  sha256: f31b00c710df71f2f75c641272ecb1f9bd1e15a5a77510055120641215487fbb
  md5: c3be283d3d278c379b50137a2a17f869
  depends:
  - m2w64-gcc-libs
  license: GPL-3.0-or-later
  license_family: GPL
  size: 6245358
  timestamp: 1602706995515
- conda: https://conda.anaconda.org/conda-forge/win-64/make-4.4.1-h0e40799_2.conda
  sha256: a810cdca3d5fa50d562cda23c0c1195b45ff5f9b0c41e0d4c8c2dd3c043ff4f2
  md5: 77ff648ad9fec660f261aa8ab0949f62
  depends:
  - libgcc >=13
  - libwinpthread >=12.0.0.r4.gg4f2fc60ca
  - ucrt >=10.0.20348.0
  license: GPL-3.0-or-later
  license_family: GPL
  size: 2176937
  timestamp: 1727802346950
- conda: https://conda.anaconda.org/conda-forge/win-64/msys2-conda-epoch-20160418-1.tar.bz2
  sha256: 99358d58d778abee4dca82ad29fb58058571f19b0f86138363c260049d4ac7f1
  md5: b0309b72560df66f71a9d5e34a5efdfa
  size: 3227
  timestamp: 1608166968312
- conda: https://conda.anaconda.org/conda-forge/win-64/ucrt-10.0.26100.0-h57928b3_0.conda
  sha256: 3005729dce6f3d3f5ec91dfc49fc75a0095f9cd23bab49efb899657297ac91a5
  md5: 71b24316859acd00bdb8b38f5e2ce328
  constrains:
  - vc14_runtime >=14.29.30037
  - vs2015_runtime >=14.29.30037
  license: LicenseRef-MicrosoftWindowsSDK10
  size: 694692
  timestamp: 1756385147981
