version: 6
environments:
  ninja_1.10:
    channels:
    - url: https://conda.anaconda.org/conda-forge
    packages:
      linux-64:
      - conda: https://conda.anaconda.org/conda-forge/linux-64/_libgcc_mutex-0.1-conda_forge.tar.bz2
      - conda: https://conda.anaconda.org/conda-forge/linux-64/_openmp_mutex-4.5-2_gnu.tar.bz2
      - conda: https://conda.anaconda.org/conda-forge/linux-64/libgcc-15.2.0-he0feb66_15.conda
      - conda: https://conda.anaconda.org/conda-forge/linux-64/libgcc-ng-15.2.0-h69a702a_15.conda
      - conda: https://conda.anaconda.org/conda-forge/linux-64/libgomp-15.2.0-he0feb66_15.conda
      - conda: https://conda.anaconda.org/conda-forge/linux-64/libstdcxx-15.2.0-h934c35e_15.conda
      - conda: https://conda.anaconda.org/conda-forge/linux-64/libstdcxx-ng-15.2.0-hdf11a46_15.conda
      - conda: https://conda.anaconda.org/conda-forge/linux-64/ninja-1.10.2-h4bd325d_1.tar.bz2
      linux-aarch64:
      - conda: https://conda.anaconda.org/conda-forge/linux-aarch64/_openmp_mutex-4.5-2_gnu.tar.bz2
      - conda: https://conda.anaconda.org/conda-forge/linux-aarch64/libgcc-15.2.0-h8acb6b2_15.conda
      - conda: https://conda.anaconda.org/conda-forge/linux-aarch64/libgcc-ng-15.2.0-he9431aa_15.conda
      - conda: https://conda.anaconda.org/conda-forge/linux-aarch64/libgomp-15.2.0-h8acb6b2_15.conda
      - conda: https://conda.anaconda.org/conda-forge/linux-aarch64/libstdcxx-15.2.0-hef695bb_15.conda
      - conda: https://conda.anaconda.org/conda-forge/linux-aarch64/libstdcxx-ng-15.2.0-hdbbeba8_15.conda
      - conda: https://conda.anaconda.org/conda-forge/linux-aarch64/ninja-1.10.2-hd62202e_1.tar.bz2
      linux-ppc64le:
      - conda: https://conda.anaconda.org/conda-forge/linux-ppc64le/_libgcc_mutex-0.1-conda_forge.tar.bz2
      - conda: https://conda.anaconda.org/conda-forge/linux-ppc64le/_openmp_mutex-4.5-2_gnu.tar.bz2
      - conda: https://conda.anaconda.org/conda-forge/linux-ppc64le/libgcc-15.2.0-h80f490b_15.conda
      - conda: https://conda.anaconda.org/conda-forge/linux-ppc64le/libgcc-ng-15.2.0-hfdc3801_15.conda
      - conda: https://conda.anaconda.org/conda-forge/linux-ppc64le/libgomp-15.2.0-h80f490b_15.conda
      - conda: https://conda.anaconda.org/conda-forge/linux-ppc64le/libstdcxx-15.2.0-h31c573d_15.conda
      - conda: https://conda.anaconda.org/conda-forge/linux-ppc64le/libstdcxx-ng-15.2.0-h6e3988f_15.conda
      - conda: https://conda.anaconda.org/conda-forge/linux-ppc64le/ninja-1.10.2-h2acdbc0_1.tar.bz2
      osx-64:
      - conda: https://conda.anaconda.org/conda-forge/osx-64/libcxx-21.1.7-h3d58e20_0.conda
      - conda: https://conda.anaconda.org/conda-forge/osx-64/ninja-1.10.2-h940c156_1.tar.bz2
      osx-arm64:
      - conda: https://conda.anaconda.org/conda-forge/osx-arm64/libcxx-21.1.7-hf598326_0.conda
      - conda: https://conda.anaconda.org/conda-forge/osx-arm64/ninja-1.10.2-hc021e02_1.tar.bz2
      win-64:
      - conda: https://conda.anaconda.org/conda-forge/win-64/ninja-1.10.2-h2d74725_1.tar.bz2
      - conda: https://conda.anaconda.org/conda-forge/win-64/ucrt-10.0.26100.0-h57928b3_0.conda
      - conda: https://conda.anaconda.org/conda-forge/win-64/vc-14.3-h2b53caa_32.conda
      - conda: https://conda.anaconda.org/conda-forge/win-64/vc14_runtime-14.44.35208-h818238b_32.conda
      - conda: https://conda.anaconda.org/conda-forge/win-64/vcomp14-14.44.35208-h818238b_32.conda
      - conda: https://conda.anaconda.org/conda-forge/win-64/vs2015_runtime-14.44.35208-h38c0c73_32.conda
  ninja_1.11:
    channels:
    - url: https://conda.anaconda.org/conda-forge
    packages:
      linux-64:
      - conda: https://conda.anaconda.org/conda-forge/linux-64/_libgcc_mutex-0.1-conda_forge.tar.bz2
      - conda: https://conda.anaconda.org/conda-forge/linux-64/_openmp_mutex-4.5-2_gnu.tar.bz2
      - conda: https://conda.anaconda.org/conda-forge/linux-64/libgcc-15.2.0-he0feb66_15.conda
      - conda: https://conda.anaconda.org/conda-forge/linux-64/libgcc-ng-15.2.0-h69a702a_15.conda
      - conda: https://conda.anaconda.org/conda-forge/linux-64/libgomp-15.2.0-he0feb66_15.conda
      - conda: https://conda.anaconda.org/conda-forge/linux-64/libstdcxx-15.2.0-h934c35e_15.conda
      - conda: https://conda.anaconda.org/conda-forge/linux-64/libstdcxx-ng-15.2.0-hdf11a46_15.conda
      - conda: https://conda.anaconda.org/conda-forge/linux-64/ninja-1.11.1-h924138e_0.conda
      linux-aarch64:
      - conda: https://conda.anaconda.org/conda-forge/linux-aarch64/_openmp_mutex-4.5-2_gnu.tar.bz2
      - conda: https://conda.anaconda.org/conda-forge/linux-aarch64/libgcc-15.2.0-h8acb6b2_15.conda
      - conda: https://conda.anaconda.org/conda-forge/linux-aarch64/libgcc-ng-15.2.0-he9431aa_15.conda
      - conda: https://conda.anaconda.org/conda-forge/linux-aarch64/libgomp-15.2.0-h8acb6b2_15.conda
      - conda: https://conda.anaconda.org/conda-forge/linux-aarch64/libstdcxx-15.2.0-hef695bb_15.conda
      - conda: https://conda.anaconda.org/conda-forge/linux-aarch64/libstdcxx-ng-15.2.0-hdbbeba8_15.conda
      - conda: https://conda.anaconda.org/conda-forge/linux-aarch64/ninja-1.11.1-hdd96247_0.conda
      linux-ppc64le:
      - conda: https://conda.anaconda.org/conda-forge/linux-ppc64le/_libgcc_mutex-0.1-conda_forge.tar.bz2
      - conda: https://conda.anaconda.org/conda-forge/linux-ppc64le/_openmp_mutex-4.5-2_gnu.tar.bz2
      - conda: https://conda.anaconda.org/conda-forge/linux-ppc64le/libgcc-15.2.0-h80f490b_15.conda
      - conda: https://conda.anaconda.org/conda-forge/linux-ppc64le/libgcc-ng-15.2.0-hfdc3801_15.conda
      - conda: https://conda.anaconda.org/conda-forge/linux-ppc64le/libgomp-15.2.0-h80f490b_15.conda
      - conda: https://conda.anaconda.org/conda-forge/linux-ppc64le/libstdcxx-15.2.0-h31c573d_15.conda
      - conda: https://conda.anaconda.org/conda-forge/linux-ppc64le/libstdcxx-ng-15.2.0-h6e3988f_15.conda
      - conda: https://conda.anaconda.org/conda-forge/linux-ppc64le/ninja-1.11.1-h06f31f1_0.conda
      osx-64:
      - conda: https://conda.anaconda.org/conda-forge/osx-64/libcxx-21.1.7-h3d58e20_0.conda
      - conda: https://conda.anaconda.org/conda-forge/osx-64/ninja-1.11.1-hb8565cd_0.conda
      osx-arm64:
      - conda: https://conda.anaconda.org/conda-forge/osx-arm64/libcxx-21.1.7-hf598326_0.conda
      - conda: https://conda.anaconda.org/conda-forge/osx-arm64/ninja-1.11.1-hffc8910_0.conda
      win-64:
      - conda: https://conda.anaconda.org/conda-forge/win-64/ninja-1.11.1-h91493d7_0.conda
      - conda: https://conda.anaconda.org/conda-forge/win-64/ucrt-10.0.26100.0-h57928b3_0.conda
      - conda: https://conda.anaconda.org/conda-forge/win-64/vc-14.3-h2b53caa_32.conda
      - conda: https://conda.anaconda.org/conda-forge/win-64/vc14_runtime-14.44.35208-h818238b_32.conda
      - conda: https://conda.anaconda.org/conda-forge/win-64/vcomp14-14.44.35208-h818238b_32.conda
      - conda: https://conda.anaconda.org/conda-forge/win-64/vs2015_runtime-14.44.35208-h38c0c73_32.conda
  ninja_1.12:
    channels:
    - url: https://conda.anaconda.org/conda-forge
    packages:
      linux-64:
      - conda: https://conda.anaconda.org/conda-forge/linux-64/_libgcc_mutex-0.1-conda_forge.tar.bz2
      - conda: https://conda.anaconda.org/conda-forge/linux-64/_openmp_mutex-4.5-2_gnu.tar.bz2
      - conda: https://conda.anaconda.org/conda-forge/linux-64/libgcc-15.2.0-he0feb66_15.conda
      - conda: https://conda.anaconda.org/conda-forge/linux-64/libgomp-15.2.0-he0feb66_15.conda
      - conda: https://conda.anaconda.org/conda-forge/linux-64/libstdcxx-15.2.0-h934c35e_15.conda
      - conda: https://conda.anaconda.org/conda-forge/linux-64/ninja-1.12.1-hff21bea_1.conda
      linux-aarch64:
      - conda: https://conda.anaconda.org/conda-forge/linux-aarch64/_openmp_mutex-4.5-2_gnu.tar.bz2
      - conda: https://conda.anaconda.org/conda-forge/linux-aarch64/libgcc-15.2.0-h8acb6b2_15.conda
      - conda: https://conda.anaconda.org/conda-forge/linux-aarch64/libgomp-15.2.0-h8acb6b2_15.conda
      - conda: https://conda.anaconda.org/conda-forge/linux-aarch64/libstdcxx-15.2.0-hef695bb_15.conda
      - conda: https://conda.anaconda.org/conda-forge/linux-aarch64/ninja-1.12.1-h17cf362_1.conda
      linux-ppc64le:
      - conda: https://conda.anaconda.org/conda-forge/linux-ppc64le/_libgcc_mutex-0.1-conda_forge.tar.bz2
      - conda: https://conda.anaconda.org/conda-forge/linux-ppc64le/_openmp_mutex-4.5-2_gnu.tar.bz2
      - conda: https://conda.anaconda.org/conda-forge/linux-ppc64le/libgcc-15.2.0-h80f490b_15.conda
      - conda: https://conda.anaconda.org/conda-forge/linux-ppc64le/libgomp-15.2.0-h80f490b_15.conda
      - conda: https://conda.anaconda.org/conda-forge/linux-ppc64le/libstdcxx-15.2.0-h31c573d_15.conda
      - conda: https://conda.anaconda.org/conda-forge/linux-ppc64le/ninja-1.12.1-hb22304a_1.conda
      osx-64:
      - conda: https://conda.anaconda.org/conda-forge/osx-64/libcxx-21.1.7-h3d58e20_0.conda
      - conda: https://conda.anaconda.org/conda-forge/osx-64/ninja-1.12.1-hd6aca1a_1.conda
      osx-arm64:
      - conda: https://conda.anaconda.org/conda-forge/osx-arm64/libcxx-21.1.7-hf598326_0.conda
      - conda: https://conda.anaconda.org/conda-forge/osx-arm64/ninja-1.12.1-h177bc72_1.conda
      win-64:
      - conda: https://conda.anaconda.org/conda-forge/win-64/ninja-1.12.1-hc790b64_1.conda
      - conda: https://conda.anaconda.org/conda-forge/win-64/ucrt-10.0.26100.0-h57928b3_0.conda
      - conda: https://conda.anaconda.org/conda-forge/win-64/vc-14.3-h2b53caa_32.conda
      - conda: https://conda.anaconda.org/conda-forge/win-64/vc14_runtime-14.44.35208-h818238b_32.conda
      - conda: https://conda.anaconda.org/conda-forge/win-64/vcomp14-14.44.35208-h818238b_32.conda
      win-arm64:
      - conda: https://conda.anaconda.org/conda-forge/win-arm64/ninja-1.12.1-hef4af3d_1.conda
      - conda: https://conda.anaconda.org/conda-forge/win-arm64/vc-14.3-hf7c4dd2_32.conda
      - conda: https://conda.anaconda.org/conda-forge/win-arm64/vc14_runtime-14.44.35208-hf0bffbb_32.conda
      - conda: https://conda.anaconda.org/conda-forge/win-arm64/vcomp14-14.44.35208-hf0bffbb_32.conda
  ninja_1.13:
    channels:
    - url: https://conda.anaconda.org/conda-forge
    packages:
      linux-64:
      - conda: https://conda.anaconda.org/conda-forge/linux-64/_libgcc_mutex-0.1-conda_forge.tar.bz2
      - conda: https://conda.anaconda.org/conda-forge/linux-64/_openmp_mutex-4.5-2_gnu.tar.bz2
      - conda: https://conda.anaconda.org/conda-forge/linux-64/libgcc-15.2.0-he0feb66_15.conda
      - conda: https://conda.anaconda.org/conda-forge/linux-64/libgomp-15.2.0-he0feb66_15.conda
      - conda: https://conda.anaconda.org/conda-forge/linux-64/libstdcxx-15.2.0-h934c35e_15.conda
      - conda: https://conda.anaconda.org/conda-forge/linux-64/ninja-1.13.2-h171cf75_0.conda
      linux-aarch64:
      - conda: https://conda.anaconda.org/conda-forge/linux-aarch64/_openmp_mutex-4.5-2_gnu.tar.bz2
      - conda: https://conda.anaconda.org/conda-forge/linux-aarch64/libgcc-15.2.0-h8acb6b2_15.conda
      - conda: https://conda.anaconda.org/conda-forge/linux-aarch64/libgomp-15.2.0-h8acb6b2_15.conda
      - conda: https://conda.anaconda.org/conda-forge/linux-aarch64/libstdcxx-15.2.0-hef695bb_15.conda
      - conda: https://conda.anaconda.org/conda-forge/linux-aarch64/ninja-1.13.2-hdc560ac_0.conda
      linux-ppc64le:
      - conda: https://conda.anaconda.org/conda-forge/linux-ppc64le/_libgcc_mutex-0.1-conda_forge.tar.bz2
      - conda: https://conda.anaconda.org/conda-forge/linux-ppc64le/_openmp_mutex-4.5-2_gnu.tar.bz2
      - conda: https://conda.anaconda.org/conda-forge/linux-ppc64le/libgcc-15.2.0-h80f490b_15.conda
      - conda: https://conda.anaconda.org/conda-forge/linux-ppc64le/libgomp-15.2.0-h80f490b_15.conda
      - conda: https://conda.anaconda.org/conda-forge/linux-ppc64le/libstdcxx-15.2.0-h31c573d_15.conda
      - conda: https://conda.anaconda.org/conda-forge/linux-ppc64le/ninja-1.13.2-h7cb76f5_0.conda
      osx-64:
      - conda: https://conda.anaconda.org/conda-forge/osx-64/libcxx-21.1.7-h3d58e20_0.conda
      - conda: https://conda.anaconda.org/conda-forge/osx-64/ninja-1.13.2-hfc0b2d5_0.conda
      osx-arm64:
      - conda: https://conda.anaconda.org/conda-forge/osx-arm64/libcxx-21.1.7-hf598326_0.conda
      - conda: https://conda.anaconda.org/conda-forge/osx-arm64/ninja-1.13.2-h49c215f_0.conda
      win-64:
      - conda: https://conda.anaconda.org/conda-forge/win-64/ninja-1.13.2-h477610d_0.conda
      - conda: https://conda.anaconda.org/conda-forge/win-64/ucrt-10.0.26100.0-h57928b3_0.conda
      - conda: https://conda.anaconda.org/conda-forge/win-64/vc-14.3-h2b53caa_32.conda
      - conda: https://conda.anaconda.org/conda-forge/win-64/vc14_runtime-14.44.35208-h818238b_32.conda
      - conda: https://conda.anaconda.org/conda-forge/win-64/vcomp14-14.44.35208-h818238b_32.conda
      win-arm64:
      - conda: https://conda.anaconda.org/conda-forge/win-arm64/ninja-1.13.2-h11ae69d_0.conda
      - conda: https://conda.anaconda.org/conda-forge/win-arm64/vc-14.3-hf7c4dd2_32.conda
      - conda: https://conda.anaconda.org/conda-forge/win-arm64/vc14_runtime-14.44.35208-hf0bffbb_32.conda
      - conda: https://conda.anaconda.org/conda-forge/win-arm64/vcomp14-14.44.35208-hf0bffbb_32.conda
  ninja_1.6:
    channels:
    - url: https://conda.anaconda.org/conda-forge
    packages:
      linux-64:
      - conda: https://conda.anaconda.org/conda-forge/linux-64/ninja-1.6.0-0.tar.bz2
      osx-64:
      - conda: https://conda.anaconda.org/conda-forge/osx-64/ninja-1.6.0-0.tar.bz2
      win-64:
      - conda: https://conda.anaconda.org/conda-forge/win-64/ninja-1.6.0-0.tar.bz2
      - conda: https://conda.anaconda.org/conda-forge/win-64/vs2008_runtime-9.0.30729.6161-0.tar.bz2
  ninja_1.7:
    channels:
    - url: https://conda.anaconda.org/conda-forge
    packages:
      linux-64:
      - conda: https://conda.anaconda.org/conda-forge/linux-64/ninja-1.7.2-0.tar.bz2
      osx-64:
      - conda: https://conda.anaconda.org/conda-forge/osx-64/ninja-1.7.2-0.tar.bz2
      win-64:
      - conda: https://conda.anaconda.org/conda-forge/win-64/ninja-1.7.2-0.tar.bz2
      - conda: https://conda.anaconda.org/conda-forge/win-64/vs2008_runtime-9.0.30729.6161-0.tar.bz2
  ninja_1.8:
    channels:
    - url: https://conda.anaconda.org/conda-forge
    packages:
      linux-64:
      - conda: https://conda.anaconda.org/conda-forge/linux-64/_libgcc_mutex-0.1-conda_forge.tar.bz2
      - conda: https://conda.anaconda.org/conda-forge/linux-64/_openmp_mutex-4.5-2_gnu.tar.bz2
      - conda: https://conda.anaconda.org/conda-forge/linux-64/libgcc-15.2.0-he0feb66_15.conda
      - conda: https://conda.anaconda.org/conda-forge/linux-64/libgcc-ng-15.2.0-h69a702a_15.conda
      - conda: https://conda.anaconda.org/conda-forge/linux-64/libgomp-15.2.0-he0feb66_15.conda
      - conda: https://conda.anaconda.org/conda-forge/linux-64/libstdcxx-15.2.0-h934c35e_15.conda
      - conda: https://conda.anaconda.org/conda-forge/linux-64/libstdcxx-ng-15.2.0-hdf11a46_15.conda
      - conda: https://conda.anaconda.org/conda-forge/linux-64/ninja-1.8.2-h6bb024c_1001.tar.bz2
      osx-64:
      - conda: https://conda.anaconda.org/conda-forge/osx-64/libcxx-21.1.7-h3d58e20_0.conda
      - conda: https://conda.anaconda.org/conda-forge/osx-64/ninja-1.8.2-h04f5b5a_1001.tar.bz2
      win-64:
      - conda: https://conda.anaconda.org/conda-forge/win-64/ninja-1.8.2-h1ad3211_1001.tar.bz2
      - conda: https://conda.anaconda.org/conda-forge/win-64/ucrt-10.0.26100.0-h57928b3_0.conda
      - conda: https://conda.anaconda.org/conda-forge/win-64/vc14_runtime-14.44.35208-h818238b_32.conda
      - conda: https://conda.anaconda.org/conda-forge/win-64/vcomp14-14.44.35208-h818238b_32.conda
      - conda: https://conda.anaconda.org/conda-forge/win-64/vs2015_runtime-14.44.35208-h38c0c73_32.conda
  ninja_1.9:
    channels:
    - url: https://conda.anaconda.org/conda-forge
    packages:
      linux-64:
      - conda: https://conda.anaconda.org/conda-forge/linux-64/_libgcc_mutex-0.1-conda_forge.tar.bz2
      - conda: https://conda.anaconda.org/conda-forge/linux-64/_openmp_mutex-4.5-2_gnu.tar.bz2
      - conda: https://conda.anaconda.org/conda-forge/linux-64/libgcc-15.2.0-he0feb66_15.conda
      - conda: https://conda.anaconda.org/conda-forge/linux-64/libgcc-ng-15.2.0-h69a702a_15.conda
      - conda: https://conda.anaconda.org/conda-forge/linux-64/libgomp-15.2.0-he0feb66_15.conda
      - conda: https://conda.anaconda.org/conda-forge/linux-64/libstdcxx-15.2.0-h934c35e_15.conda
      - conda: https://conda.anaconda.org/conda-forge/linux-64/libstdcxx-ng-15.2.0-hdf11a46_15.conda
      - conda: https://conda.anaconda.org/conda-forge/linux-64/ninja-1.9.0-hc9558a2_1.tar.bz2
      linux-aarch64:
      - conda: https://conda.anaconda.org/conda-forge/linux-aarch64/_openmp_mutex-4.5-2_gnu.tar.bz2
      - conda: https://conda.anaconda.org/conda-forge/linux-aarch64/libgcc-15.2.0-h8acb6b2_15.conda
      - conda: https://conda.anaconda.org/conda-forge/linux-aarch64/libgcc-ng-15.2.0-he9431aa_15.conda
      - conda: https://conda.anaconda.org/conda-forge/linux-aarch64/libgomp-15.2.0-h8acb6b2_15.conda
      - conda: https://conda.anaconda.org/conda-forge/linux-aarch64/libstdcxx-15.2.0-hef695bb_15.conda
      - conda: https://conda.anaconda.org/conda-forge/linux-aarch64/libstdcxx-ng-15.2.0-hdbbeba8_15.conda
      - conda: https://conda.anaconda.org/conda-forge/linux-aarch64/ninja-1.9.0-hc9558a2_1.tar.bz2
      linux-ppc64le:
      - conda: https://conda.anaconda.org/conda-forge/linux-ppc64le/_libgcc_mutex-0.1-conda_forge.tar.bz2
      - conda: https://conda.anaconda.org/conda-forge/linux-ppc64le/_openmp_mutex-4.5-2_gnu.tar.bz2
      - conda: https://conda.anaconda.org/conda-forge/linux-ppc64le/libgcc-15.2.0-h80f490b_15.conda
      - conda: https://conda.anaconda.org/conda-forge/linux-ppc64le/libgcc-ng-15.2.0-hfdc3801_15.conda
      - conda: https://conda.anaconda.org/conda-forge/linux-ppc64le/libgomp-15.2.0-h80f490b_15.conda
      - conda: https://conda.anaconda.org/conda-forge/linux-ppc64le/libstdcxx-15.2.0-h31c573d_15.conda
      - conda: https://conda.anaconda.org/conda-forge/linux-ppc64le/libstdcxx-ng-15.2.0-h6e3988f_15.conda
      - conda: https://conda.anaconda.org/conda-forge/linux-ppc64le/ninja-1.9.0-h1bb5118_1.tar.bz2
      osx-64:
      - conda: https://conda.anaconda.org/conda-forge/osx-64/libcxx-21.1.7-h3d58e20_0.conda
      - conda: https://conda.anaconda.org/conda-forge/osx-64/ninja-1.9.0-ha1b3eb9_1.tar.bz2
      win-64:
      - conda: https://conda.anaconda.org/conda-forge/win-64/ninja-1.9.0-h1ad3211_1.tar.bz2
      - conda: https://conda.anaconda.org/conda-forge/win-64/ucrt-10.0.26100.0-h57928b3_0.conda
      - conda: https://conda.anaconda.org/conda-forge/win-64/vc14_runtime-14.44.35208-h818238b_32.conda
      - conda: https://conda.anaconda.org/conda-forge/win-64/vcomp14-14.44.35208-h818238b_32.conda
      - conda: https://conda.anaconda.org/conda-forge/win-64/vs2015_runtime-14.44.35208-h38c0c73_32.conda
packages:
- conda: https://conda.anaconda.org/conda-forge/linux-64/_libgcc_mutex-0.1-conda_forge.tar.bz2
  sha256: fe51de6107f9edc7aa4f786a70f4a883943bc9d39b3bb7307c04c41410990726
  md5: d7c89558ba9fa0495403155b64376d81
  license: None
  size: 2562
  timestamp: 1578324546067
- conda: https://conda.anaconda.org/conda-forge/linux-ppc64le/_libgcc_mutex-0.1-conda_forge.tar.bz2
  sha256: 5dd34b412e6274c0614d01a2f616844376ae873dfb8782c2c67d055779de6df6
  md5: e96f48755dc7c9f86c4aecf4cac40477
  license: None
  size: 2550
  timestamp: 1578324511581
- conda: https://conda.anaconda.org/conda-forge/linux-64/_openmp_mutex-4.5-2_gnu.tar.bz2
  build_number: 16
  sha256: fbe2c5e56a653bebb982eda4876a9178aedfc2b545f25d0ce9c4c0b508253d22
  md5: 73aaf86a425cc6e73fcf236a5a46396d
  depends:
  - _libgcc_mutex 0.1 conda_forge
  - libgomp >=7.5.0
  constrains:
  - openmp_impl 9999
  license: BSD-3-Clause
  license_family: BSD
  size: 23621
  timestamp: 1650670423406
- conda: https://conda.anaconda.org/conda-forge/linux-aarch64/_openmp_mutex-4.5-2_gnu.tar.bz2
  build_number: 16
  sha256: 3702bef2f0a4d38bd8288bbe54aace623602a1343c2cfbefd3fa188e015bebf0
  md5: 6168d71addc746e8f2b8d57dfd2edcea
  depends:
  - libgomp >=7.5.0
  constrains:
  - openmp_impl 9999
  license: BSD-3-Clause
  license_family: BSD
  size: 23712
  timestamp: 1650670790230
- conda: https://conda.anaconda.org/conda-forge/linux-ppc64le/_openmp_mutex-4.5-2_gnu.tar.bz2
  build_number: 16
  sha256: 4c89c2067cf5e7b0fbbdc3200c3f7affa5896e14812acf10f51575be87ae0c05
  md5: 3e41cbaba7e4988d15a24c4e85e6171b
  depends:
  - _libgcc_mutex 0.1 conda_forge
  - libgomp >=7.5.0
  constrains:
  - openmp_impl 9999
  license: BSD-3-Clause
  license_family: BSD
  size: 23710
  timestamp: 1650671119831
- conda: https://conda.anaconda.org/conda-forge/osx-64/libcxx-21.1.7-h3d58e20_0.conda
  sha256: 0ac1b1d1072a14fe8fd3a871c8ca0b411f0fdf30de70e5c95365a149bd923ac8
  md5: 67c086bf0efc67b54a235dd9184bd7a2
  depends:
  - __osx >=10.13
  license: Apache-2.0 WITH LLVM-exception
  license_family: Apache
  size: 571564
  timestamp: 1764676139160
- conda: https://conda.anaconda.org/conda-forge/osx-arm64/libcxx-21.1.7-hf598326_0.conda
  sha256: 4bdbef0241b52e7a8552e8af7425f0b56d5621dd69df46c816546fefa17d77ab
  md5: 0de94f39727c31c0447e408c5a210a56
  depends:
  - __osx >=11.0
  license: Apache-2.0 WITH LLVM-exception
  license_family: Apache
  size: 568715
  timestamp: 1764676451068
- conda: https://conda.anaconda.org/conda-forge/linux-64/libgcc-15.2.0-he0feb66_15.conda
  sha256: 37f2edde2f8281672987c63f13c85a57d04d889dc929ce38204426d5eb2059cc
  md5: a5d86b0496174a412d531eac03af9174
  depends:
  - __glibc >=2.17,<3.0.a0
  - _openmp_mutex >=4.5
  constrains:
  - libgomp 15.2.0 he0feb66_15
  - libgcc-ng ==15.2.0=*_15
  license: GPL-3.0-only WITH GCC-exception-3.1
  license_family: GPL
  size: 1041379
  timestamp: 1764836112865
- conda: https://conda.anaconda.org/conda-forge/linux-aarch64/libgcc-15.2.0-h8acb6b2_15.conda
  sha256: ff184dbe54493b663eab2d62fa0b5a689eb84bec6401fcaeb44265c7f31ae4c6
  md5: cfdf8700e69902a113f2611e3cc09b55
  depends:
  - _openmp_mutex >=4.5
  constrains:
  - libgcc-ng ==15.2.0=*_15
  - libgomp 15.2.0 h8acb6b2_15
  license: GPL-3.0-only WITH GCC-exception-3.1
  license_family: GPL
  size: 621200
  timestamp: 1764836146613
- conda: https://conda.anaconda.org/conda-forge/linux-ppc64le/libgcc-15.2.0-h80f490b_15.conda
  sha256: 685c36e3cbc48cd19a8baf1b34263ff6170a7ff9459057b920b9a2534fab5dbc
  md5: c41d1dd1228f0431c3b03150e78d4a0a
  depends:
  - _openmp_mutex >=4.5
  constrains:
  - libgcc-ng ==15.2.0=*_15
  - libgomp 15.2.0 h80f490b_15
  license: GPL-3.0-only WITH GCC-exception-3.1
  license_family: GPL
  size: 916936
  timestamp: 1764840713809
- conda: https://conda.anaconda.org/conda-forge/linux-64/libgcc-ng-15.2.0-h69a702a_15.conda
  sha256: 497d8cdba0da8fa154613d1c15f585674cadc194964ed1b4fe7c2809938dc41f
  md5: 7b742943660c5173bb6a5c823021c9a0
  depends:
  - libgcc 15.2.0 he0feb66_15
  license: GPL-3.0-only WITH GCC-exception-3.1
  license_family: GPL
  size: 26834
  timestamp: 1764836127111
- conda: https://conda.anaconda.org/conda-forge/linux-aarch64/libgcc-ng-15.2.0-he9431aa_15.conda
  sha256: 80e6135b5b0083ad6f0f00b8368d666fb148923fe2d3ab7d8cdca3eaf575eeff
  md5: ad92990dc6f608f412a01540a7c9510e
  depends:
  - libgcc 15.2.0 h8acb6b2_15
  license: GPL-3.0-only WITH GCC-exception-3.1
  license_family: GPL
  size: 26927
  timestamp: 1764836155568
- conda: https://conda.anaconda.org/conda-forge/linux-ppc64le/libgcc-ng-15.2.0-hfdc3801_15.conda
  sha256: 54c3fcc9ea5d3a834025aee28d3468982f764d9f7f398670813aaa9fa2dc7473
  md5: 73cd8a184fb83a85745c69d30b89a106
  depends:
  - libgcc 15.2.0 h80f490b_15
  license: GPL-3.0-only WITH GCC-exception-3.1
  license_family: GPL
  size: 26998
  timestamp: 1764840720475
- conda: https://conda.anaconda.org/conda-forge/linux-64/libgomp-15.2.0-he0feb66_15.conda
  sha256: b3c4e39be7aba6f5a8695d428362c5c918b96a281ce0a7037f1e889dfc340615
  md5: a90d6983da0757f4c09bb8fcfaf34e71
  depends:
  - __glibc >=2.17,<3.0.a0
  license: GPL-3.0-only WITH GCC-exception-3.1
  license_family: GPL
  size: 602978
  timestamp: 1764836011147
- conda: https://conda.anaconda.org/conda-forge/linux-aarch64/libgomp-15.2.0-h8acb6b2_15.conda
  sha256: d76cbb7e76af310828c74396a78c59a3b305431da25c9337e420bb441d2e8ca0
  md5: 0719da240fd6086c34c4c30080329806
  license: GPL-3.0-only WITH GCC-exception-3.1
  license_family: GPL
  size: 587301
  timestamp: 1764836050907
- conda: https://conda.anaconda.org/conda-forge/linux-ppc64le/libgomp-15.2.0-h80f490b_15.conda
  sha256: 288e4cf65df57e388fe55dcbac8e6fc66c3bea9cf5e75f90a3b30d40f8c8525f
  md5: 43225f49e7f58a17084b4a15b8838cd4
  license: GPL-3.0-only WITH GCC-exception-3.1
  license_family: GPL
  size: 639297
  timestamp: 1764840619530
- conda: https://conda.anaconda.org/conda-forge/linux-64/libstdcxx-15.2.0-h934c35e_15.conda
  sha256: 2648485aa2dcd5ca385423841a728f262458aec5d814a79da5ab75098e223e3f
  md5: fccfb26375ec5e4a2192dee6604b6d02
  depends:
  - __glibc >=2.17,<3.0.a0
  - libgcc 15.2.0 he0feb66_15
  constrains:
  - libstdcxx-ng ==15.2.0=*_15
  license: GPL-3.0-only WITH GCC-exception-3.1
  license_family: GPL
  size: 5856371
  timestamp: 1764836166363
- conda: https://conda.anaconda.org/conda-forge/linux-aarch64/libstdcxx-15.2.0-hef695bb_15.conda
  sha256: f6347ce1d1a8a9ecfa16fc118594b0a5cab9194a8dcc7e79cd02a7497822d1d2
  md5: 2873f805cdabcf33b880b19077cf6180
  depends:
  - libgcc 15.2.0 h8acb6b2_15
  constrains:
  - libstdcxx-ng ==15.2.0=*_15
  license: GPL-3.0-only WITH GCC-exception-3.1
  license_family: GPL
  size: 5540090
  timestamp: 1764836183565
- conda: https://conda.anaconda.org/conda-forge/linux-ppc64le/libstdcxx-15.2.0-h31c573d_15.conda
  sha256: 17d5ba1d80a589d2e2524c827448b6bc7e0f9c37346b3c8b2867aaf0c46df0c7
  md5: bd2859b36aff4cd215cc2b823166dbc9
  depends:
  - libgcc 15.2.0 h80f490b_15
  constrains:
  - libstdcxx-ng ==15.2.0=*_15
  license: GPL-3.0-only WITH GCC-exception-3.1
  license_family: GPL
  size: 6172764
  timestamp: 1764840745716
- conda: https://conda.anaconda.org/conda-forge/linux-64/libstdcxx-ng-15.2.0-hdf11a46_15.conda
  sha256: 2ffaec42c561f53dcc025277043aa02e2557dc0db62bc009be4c7559a7f19f09
  md5: 20a8584ff8677ac9d724345b9d4eb757
  depends:
  - libstdcxx 15.2.0 h934c35e_15
  license: GPL-3.0-only WITH GCC-exception-3.1
  license_family: GPL
  size: 26905
  timestamp: 1764836222826
- conda: https://conda.anaconda.org/conda-forge/linux-aarch64/libstdcxx-ng-15.2.0-hdbbeba8_15.conda
  sha256: 73d026540bd2ec75186bc82c164fbfa51cbe44c4c27ed64b57bf52b10f6f3d63
  md5: 7a99de7c14096347968d1fd574b46bb2
  depends:
  - libstdcxx 15.2.0 hef695bb_15
  license: GPL-3.0-only WITH GCC-exception-3.1
  license_family: GPL
  size: 26977
  timestamp: 1764836231696
- conda: https://conda.anaconda.org/conda-forge/linux-ppc64le/libstdcxx-ng-15.2.0-h6e3988f_15.conda
  sha256: 88792225a7c6c286aad95a7325c764883a866f4b08e452890bd848eed30a6827
  md5: c6546296733b443628e76cf7f4084dd3
  depends:
  - libstdcxx 15.2.0 h31c573d_15
  license: GPL-3.0-only WITH GCC-exception-3.1
  license_family: GPL
  size: 27036
  timestamp: 1764840785729
- conda: https://conda.anaconda.org/conda-forge/linux-64/ninja-1.10.2-h4bd325d_1.tar.bz2
  sha256: b3f13028d6a39493ba6e1c82400fde7d15efee7d0cd9f41caf5d717429731bde
  md5: 1283461c9985703f86f89655344f7e33
  depends:
  - libgcc-ng >=9.4.0
  - libstdcxx-ng >=9.4.0
  license: Apache-2.0
  license_family: Apache
  size: 2551928
  timestamp: 1632604054999
- conda: https://conda.anaconda.org/conda-forge/linux-64/ninja-1.11.1-h924138e_0.conda
  sha256: b555247ac8859b4ff311e3d708a0640f1bfe9fae7125c485b444072474a84c41
  md5: 73a4953a2d9c115bdc10ff30a52f675f
  depends:
  - libgcc-ng >=12
  - libstdcxx-ng >=12
  license: Apache-2.0
  license_family: Apache
  size: 2251263
  timestamp: 1676837602636
- conda: https://conda.anaconda.org/conda-forge/linux-64/ninja-1.12.1-hff21bea_1.conda
  sha256: 1f2f7e26084971e87bfbb733f17d824ff3323ee9618fb713ae9932386da76aed
  md5: 2322531904f27501ee19847b87ba7c64
  depends:
  - __glibc >=2.17,<3.0.a0
  - libstdcxx >=13
  - libgcc >=13
  license: Apache-2.0
  license_family: APACHE
  size: 161883
  timestamp: 1745526264371
- conda: https://conda.anaconda.org/conda-forge/linux-64/ninja-1.13.2-h171cf75_0.conda
  sha256: 6f7d59dbec0a7b00bf5d103a4306e8886678b796ff2151b62452d4582b2a53fb
  md5: b518e9e92493721281a60fa975bddc65
  depends:
  - libstdcxx >=14
  - libgcc >=14
  - __glibc >=2.17,<3.0.a0
  license: Apache-2.0
  license_family: APACHE
  size: 186323
  timestamp: 1763688260928
- conda: https://conda.anaconda.org/conda-forge/linux-64/ninja-1.6.0-0.tar.bz2
  sha256: 04f07a0dce3ad8528f7691bb6ad45bea7cc25ae3d59310a6d18a106d57833816
  md5: 759ade8e3d8ab1c348620c69812b4a47
  license: Apache License, Version 2.0
  size: 901727
- conda: https://conda.anaconda.org/conda-forge/linux-64/ninja-1.7.2-0.tar.bz2
  sha256: 34ea8f4aac222b3500cf5dfe5622e344a997f36fd75567617825dd4a31b79265
  md5: f3cc931900d140263dd636c1551b6a96
  license: Apache 2.0
  license_family: Apache
  size: 1181227
- conda: https://conda.anaconda.org/conda-forge/linux-64/ninja-1.8.2-h6bb024c_1001.tar.bz2
  sha256: 2fd374055d73615c0a3663279647c02d1f7345842a17c01e5b278e3787f5ce58
  md5: 70e6d51161860548fceaa580d3210bcc
  depends:
  - libgcc-ng >=7.3.0
  - libstdcxx-ng >=7.3.0
  license: Apache 2.0
  license_family: Apache
  size: 1377771
  timestamp: 1538486222356
- conda: https://conda.anaconda.org/conda-forge/linux-64/ninja-1.9.0-hc9558a2_1.tar.bz2
  sha256: b87620a25b197ff3a3469261d1cd57b2c46812ee1e43fe245191657cdf29071f
  md5: b25326b7988b73bb16f9413c81ef8016
  depends:
  - libgcc-ng >=7.3.0
  - libstdcxx-ng >=7.3.0
  license: Apache 2.0
  license_family: Apache
  size: 1708301
  timestamp: 1572621965047
- conda: https://conda.anaconda.org/conda-forge/linux-aarch64/ninja-1.10.2-hd62202e_1.tar.bz2
  sha256: 4cd3bcc014bda9d53c1045176613b33c2f2bc5d9082990d70686d47e88428787
  md5: 52c9114595a9a1d9c72dcf221f2727e0
  depends:
  - libgcc-ng >=9.4.0
  - libstdcxx-ng >=9.4.0
  license: Apache-2.0
  license_family: Apache
  size: 2721398
  timestamp: 1632604926166
- conda: https://conda.anaconda.org/conda-forge/linux-aarch64/ninja-1.11.1-hdd96247_0.conda
  sha256: 2ba2e59f619c58d748f4b1b858502587691a7ed0fa9ac2c26ac04091908d95ae
  md5: 58f4c67113cda9171e3c03d3e62731e1
  depends:
  - libgcc-ng >=12
  - libstdcxx-ng >=12
  license: Apache-2.0
  license_family: Apache
  size: 2398482
  timestamp: 1676839419214
- conda: https://conda.anaconda.org/conda-forge/linux-aarch64/ninja-1.12.1-h17cf362_1.conda
  sha256: b1595c2a70b30bde1acf54be495e6fac980331f31ea046f50052ea4f6a7e992f
  md5: 885414635e2a65ed06f284f6d569cdff
  depends:
  - libstdcxx >=13
  - libgcc >=13
  license: Apache-2.0
  license_family: APACHE
  size: 161484
  timestamp: 1745526292575
- conda: https://conda.anaconda.org/conda-forge/linux-aarch64/ninja-1.13.2-hdc560ac_0.conda
  sha256: 45fbc7c8c44681f5cefba1e5b26ca504a4485b000c5dfaa31cec0b7bc78d0de4
  md5: 8b5222a41b5d51fb1a5a2c514e770218
  depends:
  - libstdcxx >=14
  - libgcc >=14
  license: Apache-2.0
  license_family: APACHE
  size: 182666
  timestamp: 1763688214250
- conda: https://conda.anaconda.org/conda-forge/linux-aarch64/ninja-1.9.0-hc9558a2_1.tar.bz2
  sha256: be47fcb411624a4d33550fefc7b3b3218aab2602d023979a595565a11ed44775
  md5: 64d2139608f92576eb36be4441dbf2fc
  depends:
  - libgcc-ng >=7.3.0
  - libstdcxx-ng >=7.3.0
  license: Apache 2.0
  license_family: Apache
  size: 1951579
  timestamp: 1572623183596
- conda: https://conda.anaconda.org/conda-forge/linux-ppc64le/ninja-1.10.2-h2acdbc0_1.tar.bz2
  sha256: f5c9e59a4e91439cbe8e779da29a93b6f19397d838a4a7011e729482bbd4f836
  md5: b7ae6e539dc4e154a4b0c9909f0e2481
  depends:
  - libgcc-ng >=9.4.0
  - libstdcxx-ng >=9.4.0
  license: Apache-2.0
  license_family: Apache
  size: 2794958
  timestamp: 1632605356766
- conda: https://conda.anaconda.org/conda-forge/linux-ppc64le/ninja-1.11.1-h06f31f1_0.conda
  sha256: dc2e6f1a538c369c8d335bb836b36ecf4316167f69debe8d201af7f4bf633c31
  md5: 6e7fddcfa46577fe95ebff0b5eaa1605
  depends:
  - libgcc-ng >=12
  - libstdcxx-ng >=12
  license: Apache-2.0
  license_family: Apache
  size: 2440586
  timestamp: 1676838885103
- conda: https://conda.anaconda.org/conda-forge/linux-ppc64le/ninja-1.12.1-hb22304a_1.conda
  sha256: 6cbe863dad3dd9787473a44c61cde1be568df2231d3cbdcbba0db8591b86f096
  md5: 64f85e9240d13d251956f04700aac320
  depends:
  - libstdcxx >=13
  - libgcc >=13
  license: Apache-2.0
  license_family: APACHE
  size: 172453
  timestamp: 1745526284962
- conda: https://conda.anaconda.org/conda-forge/linux-ppc64le/ninja-1.13.2-h7cb76f5_0.conda
  sha256: 4486b85f7f628146ed6727371fe3fadb217a04842f24975a8c07bcea3991a7d5
  md5: 68704476b94b3ee29960e6f92081af44
  depends:
  - libstdcxx >=14
  - libgcc >=14
  license: Apache-2.0
  license_family: APACHE
  size: 191998
  timestamp: 1763688243306
- conda: https://conda.anaconda.org/conda-forge/linux-ppc64le/ninja-1.9.0-h1bb5118_1.tar.bz2
  sha256: 69645cb6d7c6a00d98ff9008b297bc7a702a18295d5c56740d0d53d23af64c96
  md5: fcb400571bec736a492ee1ad752c4a6a
  depends:
  - libgcc-ng >=8.2.0
  - libstdcxx-ng >=8.2.0
  license: Apache 2.0
  license_family: Apache
  size: 2441819
  timestamp: 1572623076304
- conda: https://conda.anaconda.org/conda-forge/osx-64/ninja-1.10.2-h940c156_1.tar.bz2
  sha256: 21320792d6f51b5494a6ce325839f49fb40031f6a899015fcba26355f76f388a
  md5: 69ff5166bc008c1f29204fbab48c9a5e
  depends:
  - libcxx >=11.1.0
  license: Apache-2.0
  license_family: Apache
  size: 110079
  timestamp: 1632604208465
- conda: https://conda.anaconda.org/conda-forge/osx-64/ninja-1.11.1-hb8565cd_0.conda
  sha256: 6f738d9a26fa275317b95b2b96832daab9059ef64af9a338f904a3cb684ae426
  md5: 49ad513efe39447aa51affd47e3aa68f
  depends:
  - libcxx >=14.0.6
  license: Apache-2.0
  license_family: Apache
  size: 121284
  timestamp: 1676837793132
- conda: https://conda.anaconda.org/conda-forge/osx-64/ninja-1.12.1-hd6aca1a_1.conda
  sha256: 183bce1186a441b0e6aec8f5f7b85771fa6d36212422a0aaf7a15c0ef5e68cd3
  md5: 1cf196736676270fa876001901e4e1db
  depends:
  - __osx >=10.13
  - libcxx >=18
  license: Apache-2.0
  license_family: APACHE
  size: 164846
  timestamp: 1745526274680
- conda: https://conda.anaconda.org/conda-forge/osx-64/ninja-1.13.2-hfc0b2d5_0.conda
  sha256: 1646832e3c2389595569ab9a6234c119a4dedf6f4e55532a8bf07edab7f8037d
  md5: afda563484aa0017278866707807a335
  depends:
  - libcxx >=19
  - __osx >=10.13
  license: Apache-2.0
  license_family: APACHE
  size: 178071
  timestamp: 1763688235442
- conda: https://conda.anaconda.org/conda-forge/osx-64/ninja-1.6.0-0.tar.bz2
  sha256: 478753681f5da390f891841e8a66bc7201279345145737bd20dec65b71e6fba3
  md5: 4606547773216963ed39a192e544e5b2
  license: Apache License, Version 2.0
  size: 84015
- conda: https://conda.anaconda.org/conda-forge/osx-64/ninja-1.7.2-0.tar.bz2
  sha256: 16d201dff8b84551eee751c8514818934cbf1dfea4d7fe195c8c7849c7aec83c
  md5: f0efa520fecac7fd187f0de8ab322ab2
  license: Apache 2.0
  license_family: Apache
  size: 87752
- conda: https://conda.anaconda.org/conda-forge/osx-64/ninja-1.8.2-h04f5b5a_1001.tar.bz2
  sha256: 72eac384c04b95e24b7c7c63e01e1b9118877fd1569a8cf9a95c34fe7d1f8c96
  md5: 941fa59e119ace129acaf52d774803bc
  depends:
  - libcxx >=4.0.1
  license: Apache 2.0
  license_family: Apache
  size: 94405
  timestamp: 1538486517764
- conda: https://conda.anaconda.org/conda-forge/osx-64/ninja-1.9.0-ha1b3eb9_1.tar.bz2
  sha256: 88cddf418e0ddc69b6727a4d97baa384d6f330fccd28ef62503058092cc1f4b0
  md5: b41e877dcd781c1324b2878fb485269c
  depends:
  - libcxx >=9.0.0
  license: Apache 2.0
  license_family: Apache
  size: 100010
  timestamp: 1572622078836
- conda: https://conda.anaconda.org/conda-forge/osx-arm64/ninja-1.10.2-hc021e02_1.tar.bz2
  sha256: cdcb8d30eadeb28257b67709e5a77fa5f0e87605571b0e0acd90bd877c20f072
  md5: 369f8171f135f2c3870e8f6727126c31
  depends:
  - libcxx >=11.1.0
  license: Apache-2.0
  license_family: Apache
  size: 104454
  timestamp: 1632604189800
- conda: https://conda.anaconda.org/conda-forge/osx-arm64/ninja-1.11.1-hffc8910_0.conda
  sha256: a594e90b0ed8202c280fff4a008f6a355d0db54a62b17067dc4a950370ddffc0
  md5: fdecec4002f41cf6ea1eea5b52947ee0
  depends:
  - libcxx >=14.0.6
  license: Apache-2.0
  license_family: Apache
  size: 107047
  timestamp: 1676837935565
- conda: https://conda.anaconda.org/conda-forge/osx-arm64/ninja-1.12.1-h177bc72_1.conda
  sha256: 97fe845160df332063dfe9ed4386a32a6221c9add970fd37e161e301fd189088
  md5: bd8af7d5055f2263fc3aa282493d7e8f
  depends:
  - libcxx >=18
  - __osx >=11.0
  license: Apache-2.0
  license_family: APACHE
  size: 150474
  timestamp: 1745526261753
- conda: https://conda.anaconda.org/conda-forge/osx-arm64/ninja-1.13.2-h49c215f_0.conda
  sha256: 18d33c17b28d4771fc0b91b7b963c9ce31aca0a9af7dc8e9ee7c974bb207192c
  md5: 175809cc57b2c67f27a0f238bd7f069d
  depends:
  - __osx >=11.0
  - libcxx >=19
  license: Apache-2.0
  license_family: APACHE
  size: 164450
  timestamp: 1763688228613
- conda: https://conda.anaconda.org/conda-forge/win-64/ninja-1.10.2-h2d74725_1.tar.bz2
  sha256: 0c8369b1f1f1157ce7d56947d66e908d2f9ad51932986f93e4894fd8044cb2bb
  md5: dd697dae464e163fa0da5e690fed8f93
  depends:
  - vc >=14.1,<15.0a0
  - vs2015_runtime >=14.16.27012
  license: Apache-2.0
  license_family: Apache
  size: 279590
  timestamp: 1632604492726
- conda: https://conda.anaconda.org/conda-forge/win-64/ninja-1.11.1-h91493d7_0.conda
  sha256: 0ffb1912768af8354a930f482368ef170bf3d8217db328dfea1c8b09772c8c71
  md5: 44a99ef26178ea98626ff8e027702795
  depends:
  - ucrt >=10.0.20348.0
  - vc >=14.2,<15
  - vs2015_runtime >=14.29.30139
  license: Apache-2.0
  license_family: Apache
  size: 279200
  timestamp: 1676838681615
- conda: https://conda.anaconda.org/conda-forge/win-64/ninja-1.12.1-hc790b64_1.conda
  sha256: 40c546235c1ff8b452de309d63c86fb558ebaa145193b5c37a37f30aedc00332
  md5: 3974c522f3248d4a93e6940c463d2de7
  depends:
  - vc >=14.2,<15
  - vc14_runtime >=14.29.30139
  - ucrt >=10.0.20348.0
  - vc >=14.2,<15
  - vc14_runtime >=14.29.30139
  - ucrt >=10.0.20348.0
  license: Apache-2.0
  license_family: APACHE
  size: 296368
  timestamp: 1745526338641
- conda: https://conda.anaconda.org/conda-forge/win-64/ninja-1.13.2-h477610d_0.conda
  sha256: e41a945c34a5f0bd2109b73a65486cd93023fa0a9bcba3ef98f9a3da40ba1180
  md5: 7ecb9f2f112c66f959d2bb7dbdb89b67
  depends:
  - vc >=14.3,<15
  - vc14_runtime >=14.44.35208
  - ucrt >=10.0.20348.0
  - vc >=14.3,<15
  - vc14_runtime >=14.44.35208
  - ucrt >=10.0.20348.0
  license: Apache-2.0
  license_family: APACHE
  size: 309417
  timestamp: 1763688227932
- conda: https://conda.anaconda.org/conda-forge/win-64/ninja-1.6.0-0.tar.bz2
  sha256: 5702a3fb8aa035fc19415ccc2005e711acdfcd08e1df70a0f73f899b8f1b2d12
  md5: 8d504b20ff1a646c891a57b1cb2122ba
  depends:
  - vs2008_runtime
  license: Apache License, Version 2.0
  size: 202020
- conda: https://conda.anaconda.org/conda-forge/win-64/ninja-1.7.2-0.tar.bz2
  sha256: 118ab4dd785b156edd44b149be0d3b8e4a15fed418f27d7364bb0ed43c909646
  md5: aa8a4a5247b4f12f342d1ce80f1f7e05
  depends:
  - vs2008_runtime
  license: Apache 2.0
  license_family: Apache
  size: 205529
- conda: https://conda.anaconda.org/conda-forge/win-64/ninja-1.8.2-h1ad3211_1001.tar.bz2
  sha256: c4d5bd2497100c9513b7132b923c03fab047027cf9a5c3c8d7231426f30166e7
  md5: 47c6a2c82892e7b7b541708f55324e76
  depends:
  - vs2015_runtime
  license: Apache 2.0
  license_family: Apache
  size: 111829
  timestamp: 1538507231414
- conda: https://conda.anaconda.org/conda-forge/win-64/ninja-1.9.0-h1ad3211_1.tar.bz2
  sha256: 1fcbc3d0065cd95c8ae92ed68f0180fc00204e39fa2891defb987bd3b30c7752
  md5: 3fe57f629015b87276d1b9493d70fe59
  depends:
  - vs2015_runtime
  license: Apache 2.0
  license_family: Apache
  size: 114632
  timestamp: 1572622174123
- conda: https://conda.anaconda.org/conda-forge/win-arm64/ninja-1.12.1-hef4af3d_1.conda
  sha256: c992cfd088402116a231340dcdfe702dc3dfaa8fe626a16be6af79c20e787c72
  md5: 8380e182f92a9f71d498f35b1392c289
  depends:
  - vc >=14.3,<15
  - vc14_runtime >=14.42.34438
  - vc >=14.3,<15
  - vc14_runtime >=14.42.34438
  license: Apache-2.0
  size: 266344
  timestamp: 1745526335067
- conda: https://conda.anaconda.org/conda-forge/win-arm64/ninja-1.13.2-h11ae69d_0.conda
  sha256: 7ea37635764335391defdcc6b8549550f00e41660f82071993fb02e6840ba5a1
  md5: 72e0b4a5e154434d7c9eb8a1fc751495
  depends:
  - vc >=14.3,<15
  - vc14_runtime >=14.44.35208
  - vc >=14.3,<15
  - vc14_runtime >=14.44.35208
  license: Apache-2.0
  size: 280611
  timestamp: 1763688227738
- conda: https://conda.anaconda.org/conda-forge/win-64/ucrt-10.0.26100.0-h57928b3_0.conda
  sha256: 3005729dce6f3d3f5ec91dfc49fc75a0095f9cd23bab49efb899657297ac91a5
  md5: 71b24316859acd00bdb8b38f5e2ce328
  constrains:
  - vc14_runtime >=14.29.30037
  - vs2015_runtime >=14.29.30037
  license: LicenseRef-MicrosoftWindowsSDK10
  size: 694692
  timestamp: 1756385147981
- conda: https://conda.anaconda.org/conda-forge/win-64/vc-14.3-h2b53caa_32.conda
  sha256: 82250af59af9ff3c6a635dd4c4764c631d854feb334d6747d356d949af44d7cf
  md5: ef02bbe151253a72b8eda264a935db66
  depends:
  - vc14_runtime >=14.42.34433
  track_features:
  - vc14
  license: BSD-3-Clause
  license_family: BSD
  size: 18861
  timestamp: 1760418772353
- conda: https://conda.anaconda.org/conda-forge/win-arm64/vc-14.3-hf7c4dd2_32.conda
  sha256: 5d86d736def9155149a007018054a95b9fa11c8596176b5f497e97a77b8c4e73
  md5: 0576df8c19bf4170a00cdfd9abfa1718
  depends:
  - vc14_runtime >=14.42.34433
  track_features:
  - vc14
  license: BSD-3-Clause
  license_family: BSD
  size: 18467
  timestamp: 1760418452777
- conda: https://conda.anaconda.org/conda-forge/win-64/vc14_runtime-14.44.35208-h818238b_32.conda
  sha256: e3a3656b70d1202e0d042811ceb743bd0d9f7e00e2acdf824d231b044ef6c0fd
  md5: 378d5dcec45eaea8d303da6f00447ac0
  depends:
  - ucrt >=10.0.20348.0
  - vcomp14 14.44.35208 h818238b_32
  constrains:
  - vs2015_runtime 14.44.35208.* *_32
  license: LicenseRef-MicrosoftVisualCpp2015-2022Runtime
  license_family: Proprietary
  size: 682706
  timestamp: 1760418629729
- conda: https://conda.anaconda.org/conda-forge/win-arm64/vc14_runtime-14.44.35208-hf0bffbb_32.conda
  sha256: c67e858bc4d76148a2f21fa8e98574c1bc97d0867b1b2ee1f73c0f3ab9ba7ad0
  md5: 6a27eac25435a205a10686420ef5bea3
  depends:
  - vcomp14 14.44.35208 hf0bffbb_32
  license: LicenseRef-MicrosoftVisualCpp2015-2022Runtime
  license_family: Proprietary
  size: 15288701
  timestamp: 1760418310699
- conda: https://conda.anaconda.org/conda-forge/win-64/vcomp14-14.44.35208-h818238b_32.conda
  sha256: f3790c88fbbdc55874f41de81a4237b1b91eab75e05d0e58661518ff04d2a8a1
  md5: 58f67b437acbf2764317ba273d731f1d
  depends:
  - ucrt >=10.0.20348.0
  constrains:
  - vs2015_runtime 14.44.35208.* *_32
  license: LicenseRef-MicrosoftVisualCpp2015-2022Runtime
  license_family: Proprietary
  size: 114846
  timestamp: 1760418593847
- conda: https://conda.anaconda.org/conda-forge/win-arm64/vcomp14-14.44.35208-hf0bffbb_32.conda
  sha256: 017e4260e6feee66446eb706b1d9c5142fc81d1a49b2bceae9b58cf8730e3ad4
  md5: 4ffa53975d079ca4b984f0ffc9f65939
  license: LicenseRef-MicrosoftVisualCpp2015-2022Runtime
  license_family: Proprietary
  size: 22901
  timestamp: 1760418303624
- conda: https://conda.anaconda.org/conda-forge/win-64/vs2008_runtime-9.0.30729.6161-0.tar.bz2
  sha256: 5fe2fc1fea05e33560b414792ef9b3107c5471a6554e35195f3b79c4b08b1c13
  md5: 9531fa584348748d666b66055c771182
  license: Proprietary
  size: 1097648
- conda: https://conda.anaconda.org/conda-forge/win-64/vs2015_runtime-14.44.35208-h38c0c73_32.conda
  sha256: 65cea43f4de99bc81d589e746c538908b2e95aead9042fecfbc56a4d14684a87
  md5: dfc1e5bbf1ecb0024a78e4e8bd45239d
  depends:
  - vc14_runtime >=14.44.35208
  license: BSD-3-Clause
  license_family: BSD
  size: 18919
  timestamp: 1760418632059
